
Microsoft Visual Studio Solution File, Format Version 12.00
# Visual Studio Version 17
VisualStudioVersion = 17.3.32811.315
MinimumVisualStudioVersion = 10.0.40219.1
Project("{9A19103F-16F7-4668-BE54-9A1E7A4F7556}") = "WPR.Common", "Core\WPR.Common\WPR.Common.csproj", "{4A5AE689-B314-4EEC-8931-8B98F154DB13}"
EndProject
Project("{9A19103F-16F7-4668-BE54-9A1E7A4F7556}") = "FNA.Core", "Backends\FNA.Platform\FNA.Core.csproj", "{1046DFEB-2394-4477-B3E1-436B2EF8E295}"
EndProject
Project("{9A19103F-16F7-4668-BE54-9A1E7A4F7556}") = "Org.Libsdl.App", "JavaBindings\Org.Libsdl.App\Org.Libsdl.App.csproj", "{E2BA6CBD-B975-479D-815D-D87B38C9E9C1}"
EndProject
Project("{9A19103F-16F7-4668-BE54-9A1E7A4F7556}") = "WPR.Platform.Android", "Platforms\WPR.Platform.Android\WPR.Platform.Android.csproj", "{2805EC1C-C7F7-429B-8CC0-D9ED1F0D954C}"
EndProject
Project("{9A19103F-16F7-4668-BE54-9A1E7A4F7556}") = "WPR.Platform.Windows", "Platforms\WPR.Platform.Windows\WPR.Platform.Windows.csproj", "{EFC000CC-4122-464A-B800-921F86A77A25}"
EndProject
Project("{9A19103F-16F7-4668-BE54-9A1E7A4F7556}") = "Projektanker.Icons.Avalonia.FontAwesome", "ThirdParty\Icons.Avalonia\src\Projektanker.Icons.Avalonia.FontAwesome\Projektanker.Icons.Avalonia.FontAwesome.csproj", "{D5D60B98-8610-4EAA-ACD6-4D91CCB33141}"
EndProject
Project("{9A19103F-16F7-4668-BE54-9A1E7A4F7556}") = "Projektanker.Icons.Avalonia", "ThirdParty\Icons.Avalonia\src\Projektanker.Icons.Avalonia\Projektanker.Icons.Avalonia.csproj", "{15936ED3-078E-4E06-A517-65434CC28E90}"
EndProject
Project("{9A19103F-16F7-4668-BE54-9A1E7A4F7556}") = "com.arthenica.ffmpegkit", "JavaBindings\com.arthenica.ffmpegkit\com.arthenica.ffmpegkit.csproj", "{0BA62FDF-71AD-4B8A-A6B0-35EFF3C300C4}"
EndProject
Project("{9A19103F-16F7-4668-BE54-9A1E7A4F7556}") = "com.arthenica.smartexception", "JavaBindings\com.arthenica.smartexception\com.arthenica.smartexception.csproj", "{9BD1EE7F-6D1A-481F-8D13-F3205EEBD454}"
EndProject
Project("{9A19103F-16F7-4668-BE54-9A1E7A4F7556}") = "com.arthenica.smartexception.java", "JavaBindings\com.arthenica.smartexception.java\com.arthenica.smartexception.java.csproj", "{9119490C-E582-4E55-AFA5-6A51680711BA}"
EndProject
Project("{9A19103F-16F7-4668-BE54-9A1E7A4F7556}") = "assembly-store-reader", "ThirdParty\assembly-store-reader\assembly-store-reader.csproj", "{41BDFD3A-8C3B-402D-BED6-5FC81EE1A22A}"
EndProject
Project("{2150E333-8FDC-42A3-9474-1A3956D46DE8}") = "JAR Bindings", "JAR Bindings", "{1205A9F0-96F5-47D0-A46E-03EB98619B31}"
EndProject
Project("{2150E333-8FDC-42A3-9474-1A3956D46DE8}") = "Third Party", "Third Party", "{CBBF747E-EAFE-4679-A1DB-933615B0B58F}"
EndProject
Project("{2150E333-8FDC-42A3-9474-1A3956D46DE8}") = "Core", "Core", "{5A6560FF-794C-4369-AC8A-2019C0797869}"
EndProject
Project("{2150E333-8FDC-42A3-9474-1A3956D46DE8}") = "Framework", "Framework", "{5CAC228E-35B7-4BD9-8DDD-FCA8EF4073D2}"
EndProject
Project("{2150E333-8FDC-42A3-9474-1A3956D46DE8}") = "Platforms", "Platforms", "{AA3F7F2B-778E-4B57-A8AB-E1BCA44E2211}"
EndProject
Project("{2150E333-8FDC-42A3-9474-1A3956D46DE8}") = "ProjekTanker.Icons", "ProjekTanker.Icons", "{609B9E8D-4DB9-429C-B4C4-A75202A3CF4F}"
EndProject
Project("{FAE04EC0-301F-11D3-BF4B-00C04F79EFBC}") = "WPR.SilverlightCompability.Tests", "Core\WPR.SilverlightCompability.Tests\WPR.SilverlightCompability.Tests.csproj", "{6364D1FB-C274-4A0E-A4FB-1C6704B71B5E}"
EndProject
Project("{FAE04EC0-301F-11D3-BF4B-00C04F79EFBC}") = "WPR.Tests", "Tests\WPR.Tests\WPR.Tests.csproj", "{D66BAE42-2334-481E-A60C-2B6210BB1F61}"
EndProject
Project("{FAE04EC0-301F-11D3-BF4B-00C04F79EFBC}") = "WPR.Loader", "Core\WPR.Loader\WPR.Loader.csproj", "{78B62374-2A96-45FC-936D-33872D472684}"
EndProject
Project("{FAE04EC0-301F-11D3-BF4B-00C04F79EFBC}") = "WPR.Runtime", "Core\WPR.Runtime\WPR.Runtime.csproj", "{8C8AE123-3D76-47C9-80AE-FFE8F366265D}"
EndProject
Project("{FAE04EC0-301F-11D3-BF4B-00C04F79EFBC}") = "WPR.Framework.Silverlight", "Core\WPR.Framework.Silverlight\WPR.Framework.Silverlight.csproj", "{888146C7-CD16-4EFB-A203-798BAAA11540}"
EndProject
Project("{FAE04EC0-301F-11D3-BF4B-00C04F79EFBC}") = "WPR.Framework.Phone", "Core\WPR.Framework.Phone\WPR.Framework.Phone.csproj", "{CAF39B4C-FE21-4D08-98C2-954A5675A705}"
EndProject
Project("{2150E333-8FDC-42A3-9474-1A3956D46DE8}") = "Tests", "Tests", "{52DA5E43-4AC5-4554-A2D4-D009F3F22B93}"
EndProject
Project("{FAE04EC0-301F-11D3-BF4B-00C04F79EFBC}") = "WPR.Framework.Devices.Sensors", "Core\WPR.Framework.Devices.Sensors\WPR.Framework.Devices.Sensors.csproj", "{1E2B2411-25F0-476D-A8F1-0730C7746DC7}"
EndProject
Project("{FAE04EC0-301F-11D3-BF4B-00C04F79EFBC}") = "WPR.Framework.Devices.Location", "Core\WPR.Framework.Devices.Location\WPR.Framework.Devices.Location.csproj", "{A8A8BC52-6EE2-4F44-945F-1E22321C9480}"
EndProject
Project("{FAE04EC0-301F-11D3-BF4B-00C04F79EFBC}") = "WPR.Framework.Xna", "Core\WPR.Framework.Xna\WPR.Framework.Xna.csproj", "{94A5EDB5-1435-4809-8349-EE4CFAFB97BC}"
EndProject
Project("{2150E333-8FDC-42A3-9474-1A3956D46DE8}") = "Backends", "Backends", "{6FCB5095-2292-4869-86EB-E1437153B375}"
EndProject
Project("{FAE04EC0-301F-11D3-BF4B-00C04F79EFBC}") = "WPR.Backend.FNA", "Backends\WPR.Backend.FNA\WPR.Backend.FNA.csproj", "{FAF96F9F-D4CB-4FFC-AB9D-8C838E33A546}"
EndProject
Project("{FAE04EC0-301F-11D3-BF4B-00C04F79EFBC}") = "WPR.Backend.Direct3D11", "Backends\WPR.Backend.Direct3D11\WPR.Backend.Direct3D11.csproj", "{692EBEB7-1D19-480A-B2A3-EAE9A5EAB62E}"
EndProject
Project("{FAE04EC0-301F-11D3-BF4B-00C04F79EFBC}") = "WPR.Database", "Core\WPR.Database\WPR.Database.csproj", "{4A73B58F-E99F-4B6A-BCBD-CBC4F4D72A69}"
EndProject
Project("{FAE04EC0-301F-11D3-BF4B-00C04F79EFBC}") = "WPR.Audio.FAudio", "Modules\Audio\WPR.Audio.FAudio\WPR.Audio.FAudio.csproj", "{28BAB659-0F12-45C8-A0F2-A48CC157097D}"
EndProject
Project("{FAE04EC0-301F-11D3-BF4B-00C04F79EFBC}") = "WPR.Audio.AndroidMediaPlayer", "Modules\Audio\WPR.Audio.AndroidMediaPlayer\WPR.Audio.AndroidMediaPlayer.csproj", "{F1D5B5E7-04DC-4515-A326-F7C30B0AF0B9}"
EndProject
Project("{2150E333-8FDC-42A3-9474-1A3956D46DE8}") = "Engine", "Engine", "{EF6251D0-9FDB-4010-811E-7070F5190972}"
EndProject
Project("{FAE04EC0-301F-11D3-BF4B-00C04F79EFBC}") = "WPR.Engine", "Engine\WPR.Engine\WPR.Engine.csproj", "{DD9AAD0C-CD62-475D-8757-E3443F542180}"
EndProject
Project("{FAE04EC0-301F-11D3-BF4B-00C04F79EFBC}") = "WPR.Engine.Graphics", "Engine\WPR.Engine.Graphics\WPR.Engine.Graphics.csproj", "{469E07F2-4BF4-4DD2-A371-DB8E83810888}"
EndProject
Project("{FAE04EC0-301F-11D3-BF4B-00C04F79EFBC}") = "WPR.Engine.Audio", "Engine\WPR.Engine.Audio\WPR.Engine.Audio.csproj", "{21790445-577C-4A3B-A11B-FAEAF2DE67D7}"
EndProject
Project("{FAE04EC0-301F-11D3-BF4B-00C04F79EFBC}") = "WPR.Engine.Sensors", "Engine\WPR.Engine.Sensors\WPR.Engine.Sensors.csproj", "{A2836B60-C1C2-48DD-A6FA-1EEAB171EB66}"
EndProject
Project("{FAE04EC0-301F-11D3-BF4B-00C04F79EFBC}") = "WPR.Engine.GameLoop", "Engine\WPR.Engine.GameLoop\WPR.Engine.GameLoop.csproj", "{F1CA161D-81CF-4F38-9FB9-B4984D0DF673}"
EndProject
Project("{FAE04EC0-301F-11D3-BF4B-00C04F79EFBC}") = "WPR.Engine.Notifications", "Engine\WPR.Engine.Notifications\WPR.Engine.Notifications.csproj", "{AF8C5D2E-7A5C-4B82-AAA6-929646BFDC67}"
EndProject
Project("{2150E333-8FDC-42A3-9474-1A3956D46DE8}") = "Modules", "Modules", "{29AECE30-D51E-4E2A-9D17-5848F81CFF53}"
EndProject
Project("{FAE04EC0-301F-11D3-BF4B-00C04F79EFBC}") = "WPR.Notifications.WindowsToast", "Modules\Notifications\WPR.Notifications.WindowsToast\WPR.Notifications.WindowsToast.csproj", "{4F5DB30E-C565-4CEE-A522-7229A9BDBF07}"
EndProject
Project("{FAE04EC0-301F-11D3-BF4B-00C04F79EFBC}") = "WPR.Notifications.AndroidChannel", "Modules\Notifications\WPR.Notifications.AndroidChannel\WPR.Notifications.AndroidChannel.csproj", "{D70EAD9E-77F6-41B8-9370-59B1EFE1B2DF}"
EndProject
Project("{FAE04EC0-301F-11D3-BF4B-00C04F79EFBC}") = "WPR.Shell", "Core\WPR.Shell\WPR.Shell.csproj", "{12FEAEF3-9FD5-4BBB-8870-F405D2110B65}"
EndProject
Project("{FAE04EC0-301F-11D3-BF4B-00C04F79EFBC}") = "WPR.Input.Keyboard", "Modules\Input\WPR.Input.Keyboard\WPR.Input.Keyboard.csproj", "{FE24471C-4CEF-4F60-8926-D12ECADA1169}"
EndProject
Project("{FAE04EC0-301F-11D3-BF4B-00C04F79EFBC}") = "WPR.Input.XamarinEssentials", "Modules\Input\WPR.Input.XamarinEssentials\WPR.Input.XamarinEssentials.csproj", "{85A32CE5-DDEB-4821-B550-61816D43FF63}"
EndProject
Global
	GlobalSection(SolutionConfigurationPlatforms) = preSolution
		Debug|Any CPU = Debug|Any CPU
		Debug|x64 = Debug|x64
		Debug|x86 = Debug|x86
		MinSizeRel|Any CPU = MinSizeRel|Any CPU
		MinSizeRel|x64 = MinSizeRel|x64
		MinSizeRel|x86 = MinSizeRel|x86
		Release|Any CPU = Release|Any CPU
		Release|x64 = Release|x64
		Release|x86 = Release|x86
		RelWithDebInfo|Any CPU = RelWithDebInfo|Any CPU
		RelWithDebInfo|x64 = RelWithDebInfo|x64
		RelWithDebInfo|x86 = RelWithDebInfo|x86
	EndGlobalSection
	GlobalSection(ProjectConfigurationPlatforms) = postSolution
		{4A5AE689-B314-4EEC-8931-8B98F154DB13}.Debug|Any CPU.ActiveCfg = Debug|Any CPU
		{4A5AE689-B314-4EEC-8931-8B98F154DB13}.Debug|Any CPU.Build.0 = Debug|Any CPU
		{4A5AE689-B314-4EEC-8931-8B98F154DB13}.Debug|x64.ActiveCfg = Debug|Any CPU
		{4A5AE689-B314-4EEC-8931-8B98F154DB13}.Debug|x64.Build.0 = Debug|Any CPU
		{4A5AE689-B314-4EEC-8931-8B98F154DB13}.Debug|x86.ActiveCfg = Debug|Any CPU
		{4A5AE689-B314-4EEC-8931-8B98F154DB13}.Debug|x86.Build.0 = Debug|Any CPU
		{4A5AE689-B314-4EEC-8931-8B98F154DB13}.MinSizeRel|Any CPU.ActiveCfg = Release|Any CPU
		{4A5AE689-B314-4EEC-8931-8B98F154DB13}.MinSizeRel|Any CPU.Build.0 = Release|Any CPU
		{4A5AE689-B314-4EEC-8931-8B98F154DB13}.MinSizeRel|x64.ActiveCfg = Release|Any CPU
		{4A5AE689-B314-4EEC-8931-8B98F154DB13}.MinSizeRel|x64.Build.0 = Release|Any CPU
		{4A5AE689-B314-4EEC-8931-8B98F154DB13}.MinSizeRel|x86.ActiveCfg = Release|Any CPU
		{4A5AE689-B314-4EEC-8931-8B98F154DB13}.MinSizeRel|x86.Build.0 = Release|Any CPU
		{4A5AE689-B314-4EEC-8931-8B98F154DB13}.Release|Any CPU.ActiveCfg = Release|Any CPU
		{4A5AE689-B314-4EEC-8931-8B98F154DB13}.Release|Any CPU.Build.0 = Release|Any CPU
		{4A5AE689-B314-4EEC-8931-8B98F154DB13}.Release|x64.ActiveCfg = Release|Any CPU
		{4A5AE689-B314-4EEC-8931-8B98F154DB13}.Release|x64.Build.0 = Release|Any CPU
		{4A5AE689-B314-4EEC-8931-8B98F154DB13}.Release|x86.ActiveCfg = Release|Any CPU
		{4A5AE689-B314-4EEC-8931-8B98F154DB13}.Release|x86.Build.0 = Release|Any CPU
		{4A5AE689-B314-4EEC-8931-8B98F154DB13}.RelWithDebInfo|Any CPU.ActiveCfg = Release|Any CPU
		{4A5AE689-B314-4EEC-8931-8B98F154DB13}.RelWithDebInfo|Any CPU.Build.0 = Release|Any CPU
		{4A5AE689-B314-4EEC-8931-8B98F154DB13}.RelWithDebInfo|x64.ActiveCfg = Release|Any CPU
		{4A5AE689-B314-4EEC-8931-8B98F154DB13}.RelWithDebInfo|x64.Build.0 = Release|Any CPU
		{4A5AE689-B314-4EEC-8931-8B98F154DB13}.RelWithDebInfo|x86.ActiveCfg = Release|Any CPU
		{4A5AE689-B314-4EEC-8931-8B98F154DB13}.RelWithDebInfo|x86.Build.0 = Release|Any CPU
		{1046DFEB-2394-4477-B3E1-436B2EF8E295}.Debug|Any CPU.ActiveCfg = Debug|x64
		{1046DFEB-2394-4477-B3E1-436B2EF8E295}.Debug|Any CPU.Build.0 = Debug|x64
		{1046DFEB-2394-4477-B3E1-436B2EF8E295}.Debug|x64.ActiveCfg = Debug|x64
		{1046DFEB-2394-4477-B3E1-436B2EF8E295}.Debug|x64.Build.0 = Debug|x64
		{1046DFEB-2394-4477-B3E1-436B2EF8E295}.Debug|x86.ActiveCfg = Debug|x64
		{1046DFEB-2394-4477-B3E1-436B2EF8E295}.Debug|x86.Build.0 = Debug|x64
		{1046DFEB-2394-4477-B3E1-436B2EF8E295}.MinSizeRel|Any CPU.ActiveCfg = Release|x64
		{1046DFEB-2394-4477-B3E1-436B2EF8E295}.MinSizeRel|Any CPU.Build.0 = Release|x64
		{1046DFEB-2394-4477-B3E1-436B2EF8E295}.MinSizeRel|x64.ActiveCfg = Release|x64
		{1046DFEB-2394-4477-B3E1-436B2EF8E295}.MinSizeRel|x64.Build.0 = Release|x64
		{1046DFEB-2394-4477-B3E1-436B2EF8E295}.MinSizeRel|x86.ActiveCfg = Release|x64
		{1046DFEB-2394-4477-B3E1-436B2EF8E295}.MinSizeRel|x86.Build.0 = Release|x64
		{1046DFEB-2394-4477-B3E1-436B2EF8E295}.Release|Any CPU.ActiveCfg = Release|x64
		{1046DFEB-2394-4477-B3E1-436B2EF8E295}.Release|Any CPU.Build.0 = Release|x64
		{1046DFEB-2394-4477-B3E1-436B2EF8E295}.Release|x64.ActiveCfg = Release|x64
		{1046DFEB-2394-4477-B3E1-436B2EF8E295}.Release|x64.Build.0 = Release|x64
		{1046DFEB-2394-4477-B3E1-436B2EF8E295}.Release|x86.ActiveCfg = Release|x64
		{1046DFEB-2394-4477-B3E1-436B2EF8E295}.Release|x86.Build.0 = Release|x64
		{1046DFEB-2394-4477-B3E1-436B2EF8E295}.RelWithDebInfo|Any CPU.ActiveCfg = Release|x64
		{1046DFEB-2394-4477-B3E1-436B2EF8E295}.RelWithDebInfo|Any CPU.Build.0 = Release|x64
		{1046DFEB-2394-4477-B3E1-436B2EF8E295}.RelWithDebInfo|x64.ActiveCfg = Release|x64
		{1046DFEB-2394-4477-B3E1-436B2EF8E295}.RelWithDebInfo|x64.Build.0 = Release|x64
		{1046DFEB-2394-4477-B3E1-436B2EF8E295}.RelWithDebInfo|x86.ActiveCfg = Release|x64
		{1046DFEB-2394-4477-B3E1-436B2EF8E295}.RelWithDebInfo|x86.Build.0 = Release|x64
		{E2BA6CBD-B975-479D-815D-D87B38C9E9C1}.Debug|Any CPU.ActiveCfg = Debug|Any CPU
		{E2BA6CBD-B975-479D-815D-D87B38C9E9C1}.Debug|Any CPU.Build.0 = Debug|Any CPU
		{E2BA6CBD-B975-479D-815D-D87B38C9E9C1}.Debug|x64.ActiveCfg = Debug|Any CPU
		{E2BA6CBD-B975-479D-815D-D87B38C9E9C1}.Debug|x64.Build.0 = Debug|Any CPU
		{E2BA6CBD-B975-479D-815D-D87B38C9E9C1}.Debug|x86.ActiveCfg = Debug|Any CPU
		{E2BA6CBD-B975-479D-815D-D87B38C9E9C1}.Debug|x86.Build.0 = Debug|Any CPU
		{E2BA6CBD-B975-479D-815D-D87B38C9E9C1}.MinSizeRel|Any CPU.ActiveCfg = Release|Any CPU
		{E2BA6CBD-B975-479D-815D-D87B38C9E9C1}.MinSizeRel|Any CPU.Build.0 = Release|Any CPU
		{E2BA6CBD-B975-479D-815D-D87B38C9E9C1}.MinSizeRel|x64.ActiveCfg = Release|Any CPU
		{E2BA6CBD-B975-479D-815D-D87B38C9E9C1}.MinSizeRel|x64.Build.0 = Release|Any CPU
		{E2BA6CBD-B975-479D-815D-D87B38C9E9C1}.MinSizeRel|x86.ActiveCfg = Release|Any CPU
		{E2BA6CBD-B975-479D-815D-D87B38C9E9C1}.MinSizeRel|x86.Build.0 = Release|Any CPU
		{E2BA6CBD-B975-479D-815D-D87B38C9E9C1}.Release|Any CPU.ActiveCfg = Release|Any CPU
		{E2BA6CBD-B975-479D-815D-D87B38C9E9C1}.Release|Any CPU.Build.0 = Release|Any CPU
		{E2BA6CBD-B975-479D-815D-D87B38C9E9C1}.Release|x64.ActiveCfg = Release|Any CPU
		{E2BA6CBD-B975-479D-815D-D87B38C9E9C1}.Release|x64.Build.0 = Release|Any CPU
		{E2BA6CBD-B975-479D-815D-D87B38C9E9C1}.Release|x86.ActiveCfg = Release|Any CPU
		{E2BA6CBD-B975-479D-815D-D87B38C9E9C1}.Release|x86.Build.0 = Release|Any CPU
		{E2BA6CBD-B975-479D-815D-D87B38C9E9C1}.RelWithDebInfo|Any CPU.ActiveCfg = Release|Any CPU
		{E2BA6CBD-B975-479D-815D-D87B38C9E9C1}.RelWithDebInfo|Any CPU.Build.0 = Release|Any CPU
		{E2BA6CBD-B975-479D-815D-D87B38C9E9C1}.RelWithDebInfo|x64.ActiveCfg = Release|Any CPU
		{E2BA6CBD-B975-479D-815D-D87B38C9E9C1}.RelWithDebInfo|x64.Build.0 = Release|Any CPU
		{E2BA6CBD-B975-479D-815D-D87B38C9E9C1}.RelWithDebInfo|x86.ActiveCfg = Release|Any CPU
		{E2BA6CBD-B975-479D-815D-D87B38C9E9C1}.RelWithDebInfo|x86.Build.0 = Release|Any CPU
		{2805EC1C-C7F7-429B-8CC0-D9ED1F0D954C}.Debug|Any CPU.ActiveCfg = Debug|Any CPU
		{2805EC1C-C7F7-429B-8CC0-D9ED1F0D954C}.Debug|Any CPU.Build.0 = Debug|Any CPU
		{2805EC1C-C7F7-429B-8CC0-D9ED1F0D954C}.Debug|x64.ActiveCfg = Debug|Any CPU
		{2805EC1C-C7F7-429B-8CC0-D9ED1F0D954C}.Debug|x64.Build.0 = Debug|Any CPU
		{2805EC1C-C7F7-429B-8CC0-D9ED1F0D954C}.Debug|x64.Deploy.0 = Debug|Any CPU
		{2805EC1C-C7F7-429B-8CC0-D9ED1F0D954C}.Debug|x86.ActiveCfg = Debug|Any CPU
		{2805EC1C-C7F7-429B-8CC0-D9ED1F0D954C}.Debug|x86.Build.0 = Debug|Any CPU
		{2805EC1C-C7F7-429B-8CC0-D9ED1F0D954C}.Debug|x86.Deploy.0 = Debug|Any CPU
		{2805EC1C-C7F7-429B-8CC0-D9ED1F0D954C}.MinSizeRel|Any CPU.ActiveCfg = Release|Any CPU
		{2805EC1C-C7F7-429B-8CC0-D9ED1F0D954C}.MinSizeRel|Any CPU.Build.0 = Release|Any CPU
		{2805EC1C-C7F7-429B-8CC0-D9ED1F0D954C}.MinSizeRel|Any CPU.Deploy.0 = Release|Any CPU
		{2805EC1C-C7F7-429B-8CC0-D9ED1F0D954C}.MinSizeRel|x64.ActiveCfg = Release|Any CPU
		{2805EC1C-C7F7-429B-8CC0-D9ED1F0D954C}.MinSizeRel|x64.Build.0 = Release|Any CPU
		{2805EC1C-C7F7-429B-8CC0-D9ED1F0D954C}.MinSizeRel|x64.Deploy.0 = Release|Any CPU
		{2805EC1C-C7F7-429B-8CC0-D9ED1F0D954C}.MinSizeRel|x86.ActiveCfg = Release|Any CPU
		{2805EC1C-C7F7-429B-8CC0-D9ED1F0D954C}.MinSizeRel|x86.Build.0 = Release|Any CPU
		{2805EC1C-C7F7-429B-8CC0-D9ED1F0D954C}.MinSizeRel|x86.Deploy.0 = Release|Any CPU
		{2805EC1C-C7F7-429B-8CC0-D9ED1F0D954C}.Release|Any CPU.ActiveCfg = Release|Any CPU
		{2805EC1C-C7F7-429B-8CC0-D9ED1F0D954C}.Release|Any CPU.Build.0 = Release|Any CPU
		{2805EC1C-C7F7-429B-8CC0-D9ED1F0D954C}.Release|Any CPU.Deploy.0 = Release|Any CPU
		{2805EC1C-C7F7-429B-8CC0-D9ED1F0D954C}.Release|x64.ActiveCfg = Release|Any CPU
		{2805EC1C-C7F7-429B-8CC0-D9ED1F0D954C}.Release|x64.Build.0 = Release|Any CPU
		{2805EC1C-C7F7-429B-8CC0-D9ED1F0D954C}.Release|x64.Deploy.0 = Release|Any CPU
		{2805EC1C-C7F7-429B-8CC0-D9ED1F0D954C}.Release|x86.ActiveCfg = Release|Any CPU
		{2805EC1C-C7F7-429B-8CC0-D9ED1F0D954C}.Release|x86.Build.0 = Release|Any CPU
		{2805EC1C-C7F7-429B-8CC0-D9ED1F0D954C}.Release|x86.Deploy.0 = Release|Any CPU
		{2805EC1C-C7F7-429B-8CC0-D9ED1F0D954C}.RelWithDebInfo|Any CPU.ActiveCfg = Release|Any CPU
		{2805EC1C-C7F7-429B-8CC0-D9ED1F0D954C}.RelWithDebInfo|Any CPU.Build.0 = Release|Any CPU
		{2805EC1C-C7F7-429B-8CC0-D9ED1F0D954C}.RelWithDebInfo|Any CPU.Deploy.0 = Release|Any CPU
		{2805EC1C-C7F7-429B-8CC0-D9ED1F0D954C}.RelWithDebInfo|x64.ActiveCfg = Release|Any CPU
		{2805EC1C-C7F7-429B-8CC0-D9ED1F0D954C}.RelWithDebInfo|x64.Build.0 = Release|Any CPU
		{2805EC1C-C7F7-429B-8CC0-D9ED1F0D954C}.RelWithDebInfo|x64.Deploy.0 = Release|Any CPU
		{2805EC1C-C7F7-429B-8CC0-D9ED1F0D954C}.RelWithDebInfo|x86.ActiveCfg = Release|Any CPU
		{2805EC1C-C7F7-429B-8CC0-D9ED1F0D954C}.RelWithDebInfo|x86.Build.0 = Release|Any CPU
		{2805EC1C-C7F7-429B-8CC0-D9ED1F0D954C}.RelWithDebInfo|x86.Deploy.0 = Release|Any CPU
		{EFC000CC-4122-464A-B800-921F86A77A25}.Debug|Any CPU.ActiveCfg = Debug|Any CPU
		{EFC000CC-4122-464A-B800-921F86A77A25}.Debug|Any CPU.Build.0 = Debug|Any CPU
		{EFC000CC-4122-464A-B800-921F86A77A25}.Debug|x64.ActiveCfg = Debug|Any CPU
		{EFC000CC-4122-464A-B800-921F86A77A25}.Debug|x64.Build.0 = Debug|Any CPU
		{EFC000CC-4122-464A-B800-921F86A77A25}.Debug|x86.ActiveCfg = Debug|Any CPU
		{EFC000CC-4122-464A-B800-921F86A77A25}.Debug|x86.Build.0 = Debug|Any CPU
		{EFC000CC-4122-464A-B800-921F86A77A25}.MinSizeRel|Any CPU.ActiveCfg = Release|Any CPU
		{EFC000CC-4122-464A-B800-921F86A77A25}.MinSizeRel|Any CPU.Build.0 = Release|Any CPU
		{EFC000CC-4122-464A-B800-921F86A77A25}.MinSizeRel|x64.ActiveCfg = Release|Any CPU
		{EFC000CC-4122-464A-B800-921F86A77A25}.MinSizeRel|x64.Build.0 = Release|Any CPU
		{EFC000CC-4122-464A-B800-921F86A77A25}.MinSizeRel|x86.ActiveCfg = Release|Any CPU
		{EFC000CC-4122-464A-B800-921F86A77A25}.MinSizeRel|x86.Build.0 = Release|Any CPU
		{EFC000CC-4122-464A-B800-921F86A77A25}.Release|Any CPU.ActiveCfg = Release|Any CPU
		{EFC000CC-4122-464A-B800-921F86A77A25}.Release|Any CPU.Build.0 = Release|Any CPU
		{EFC000CC-4122-464A-B800-921F86A77A25}.Release|x64.ActiveCfg = Release|Any CPU
		{EFC000CC-4122-464A-B800-921F86A77A25}.Release|x64.Build.0 = Release|Any CPU
		{EFC000CC-4122-464A-B800-921F86A77A25}.Release|x86.ActiveCfg = Release|Any CPU
		{EFC000CC-4122-464A-B800-921F86A77A25}.Release|x86.Build.0 = Release|Any CPU
		{EFC000CC-4122-464A-B800-921F86A77A25}.RelWithDebInfo|Any CPU.ActiveCfg = Release|Any CPU
		{EFC000CC-4122-464A-B800-921F86A77A25}.RelWithDebInfo|Any CPU.Build.0 = Release|Any CPU
		{EFC000CC-4122-464A-B800-921F86A77A25}.RelWithDebInfo|x64.ActiveCfg = Release|Any CPU
		{EFC000CC-4122-464A-B800-921F86A77A25}.RelWithDebInfo|x64.Build.0 = Release|Any CPU
		{EFC000CC-4122-464A-B800-921F86A77A25}.RelWithDebInfo|x86.ActiveCfg = Release|Any CPU
		{EFC000CC-4122-464A-B800-921F86A77A25}.RelWithDebInfo|x86.Build.0 = Release|Any CPU
		{D5D60B98-8610-4EAA-ACD6-4D91CCB33141}.Debug|Any CPU.ActiveCfg = Debug|Any CPU
		{D5D60B98-8610-4EAA-ACD6-4D91CCB33141}.Debug|Any CPU.Build.0 = Debug|Any CPU
		{D5D60B98-8610-4EAA-ACD6-4D91CCB33141}.Debug|x64.ActiveCfg = Debug|Any CPU
		{D5D60B98-8610-4EAA-ACD6-4D91CCB33141}.Debug|x64.Build.0 = Debug|Any CPU
		{D5D60B98-8610-4EAA-ACD6-4D91CCB33141}.Debug|x86.ActiveCfg = Debug|Any CPU
		{D5D60B98-8610-4EAA-ACD6-4D91CCB33141}.Debug|x86.Build.0 = Debug|Any CPU
		{D5D60B98-8610-4EAA-ACD6-4D91CCB33141}.MinSizeRel|Any CPU.ActiveCfg = Release|Any CPU
		{D5D60B98-8610-4EAA-ACD6-4D91CCB33141}.MinSizeRel|Any CPU.Build.0 = Release|Any CPU
		{D5D60B98-8610-4EAA-ACD6-4D91CCB33141}.MinSizeRel|x64.ActiveCfg = Release|Any CPU
		{D5D60B98-8610-4EAA-ACD6-4D91CCB33141}.MinSizeRel|x64.Build.0 = Release|Any CPU
		{D5D60B98-8610-4EAA-ACD6-4D91CCB33141}.MinSizeRel|x86.ActiveCfg = Release|Any CPU
		{D5D60B98-8610-4EAA-ACD6-4D91CCB33141}.MinSizeRel|x86.Build.0 = Release|Any CPU
		{D5D60B98-8610-4EAA-ACD6-4D91CCB33141}.Release|Any CPU.ActiveCfg = Release|Any CPU
		{D5D60B98-8610-4EAA-ACD6-4D91CCB33141}.Release|Any CPU.Build.0 = Release|Any CPU
		{D5D60B98-8610-4EAA-ACD6-4D91CCB33141}.Release|x64.ActiveCfg = Release|Any CPU
		{D5D60B98-8610-4EAA-ACD6-4D91CCB33141}.Release|x64.Build.0 = Release|Any CPU
		{D5D60B98-8610-4EAA-ACD6-4D91CCB33141}.Release|x86.ActiveCfg = Release|Any CPU
		{D5D60B98-8610-4EAA-ACD6-4D91CCB33141}.Release|x86.Build.0 = Release|Any CPU
		{D5D60B98-8610-4EAA-ACD6-4D91CCB33141}.RelWithDebInfo|Any CPU.ActiveCfg = Release|Any CPU
		{D5D60B98-8610-4EAA-ACD6-4D91CCB33141}.RelWithDebInfo|Any CPU.Build.0 = Release|Any CPU
		{D5D60B98-8610-4EAA-ACD6-4D91CCB33141}.RelWithDebInfo|x64.ActiveCfg = Release|Any CPU
		{D5D60B98-8610-4EAA-ACD6-4D91CCB33141}.RelWithDebInfo|x64.Build.0 = Release|Any CPU
		{D5D60B98-8610-4EAA-ACD6-4D91CCB33141}.RelWithDebInfo|x86.ActiveCfg = Release|Any CPU
		{D5D60B98-8610-4EAA-ACD6-4D91CCB33141}.RelWithDebInfo|x86.Build.0 = Release|Any CPU
		{15936ED3-078E-4E06-A517-65434CC28E90}.Debug|Any CPU.ActiveCfg = Debug|Any CPU
		{15936ED3-078E-4E06-A517-65434CC28E90}.Debug|Any CPU.Build.0 = Debug|Any CPU
		{15936ED3-078E-4E06-A517-65434CC28E90}.Debug|x64.ActiveCfg = Debug|Any CPU
		{15936ED3-078E-4E06-A517-65434CC28E90}.Debug|x64.Build.0 = Debug|Any CPU
		{15936ED3-078E-4E06-A517-65434CC28E90}.Debug|x86.ActiveCfg = Debug|Any CPU
		{15936ED3-078E-4E06-A517-65434CC28E90}.Debug|x86.Build.0 = Debug|Any CPU
		{15936ED3-078E-4E06-A517-65434CC28E90}.MinSizeRel|Any CPU.ActiveCfg = Release|Any CPU
		{15936ED3-078E-4E06-A517-65434CC28E90}.MinSizeRel|Any CPU.Build.0 = Release|Any CPU
		{15936ED3-078E-4E06-A517-65434CC28E90}.MinSizeRel|x64.ActiveCfg = Release|Any CPU
		{15936ED3-078E-4E06-A517-65434CC28E90}.MinSizeRel|x64.Build.0 = Release|Any CPU
		{15936ED3-078E-4E06-A517-65434CC28E90}.MinSizeRel|x86.ActiveCfg = Release|Any CPU
		{15936ED3-078E-4E06-A517-65434CC28E90}.MinSizeRel|x86.Build.0 = Release|Any CPU
		{15936ED3-078E-4E06-A517-65434CC28E90}.Release|Any CPU.ActiveCfg = Release|Any CPU
		{15936ED3-078E-4E06-A517-65434CC28E90}.Release|Any CPU.Build.0 = Release|Any CPU
		{15936ED3-078E-4E06-A517-65434CC28E90}.Release|x64.ActiveCfg = Release|Any CPU
		{15936ED3-078E-4E06-A517-65434CC28E90}.Release|x64.Build.0 = Release|Any CPU
		{15936ED3-078E-4E06-A517-65434CC28E90}.Release|x86.ActiveCfg = Release|Any CPU
		{15936ED3-078E-4E06-A517-65434CC28E90}.Release|x86.Build.0 = Release|Any CPU
		{15936ED3-078E-4E06-A517-65434CC28E90}.RelWithDebInfo|Any CPU.ActiveCfg = Release|Any CPU
		{15936ED3-078E-4E06-A517-65434CC28E90}.RelWithDebInfo|Any CPU.Build.0 = Release|Any CPU
		{15936ED3-078E-4E06-A517-65434CC28E90}.RelWithDebInfo|x64.ActiveCfg = Release|Any CPU
		{15936ED3-078E-4E06-A517-65434CC28E90}.RelWithDebInfo|x64.Build.0 = Release|Any CPU
		{15936ED3-078E-4E06-A517-65434CC28E90}.RelWithDebInfo|x86.ActiveCfg = Release|Any CPU
		{15936ED3-078E-4E06-A517-65434CC28E90}.RelWithDebInfo|x86.Build.0 = Release|Any CPU
		{0BA62FDF-71AD-4B8A-A6B0-35EFF3C300C4}.Debug|Any CPU.ActiveCfg = Debug|Any CPU
		{0BA62FDF-71AD-4B8A-A6B0-35EFF3C300C4}.Debug|Any CPU.Build.0 = Debug|Any CPU
		{0BA62FDF-71AD-4B8A-A6B0-35EFF3C300C4}.Debug|x64.ActiveCfg = Debug|Any CPU
		{0BA62FDF-71AD-4B8A-A6B0-35EFF3C300C4}.Debug|x64.Build.0 = Debug|Any CPU
		{0BA62FDF-71AD-4B8A-A6B0-35EFF3C300C4}.Debug|x86.ActiveCfg = Debug|Any CPU
		{0BA62FDF-71AD-4B8A-A6B0-35EFF3C300C4}.Debug|x86.Build.0 = Debug|Any CPU
		{0BA62FDF-71AD-4B8A-A6B0-35EFF3C300C4}.MinSizeRel|Any CPU.ActiveCfg = Release|Any CPU
		{0BA62FDF-71AD-4B8A-A6B0-35EFF3C300C4}.MinSizeRel|Any CPU.Build.0 = Release|Any CPU
		{0BA62FDF-71AD-4B8A-A6B0-35EFF3C300C4}.MinSizeRel|x64.ActiveCfg = Release|Any CPU
		{0BA62FDF-71AD-4B8A-A6B0-35EFF3C300C4}.MinSizeRel|x64.Build.0 = Release|Any CPU
		{0BA62FDF-71AD-4B8A-A6B0-35EFF3C300C4}.MinSizeRel|x86.ActiveCfg = Release|Any CPU
		{0BA62FDF-71AD-4B8A-A6B0-35EFF3C300C4}.MinSizeRel|x86.Build.0 = Release|Any CPU
		{0BA62FDF-71AD-4B8A-A6B0-35EFF3C300C4}.Release|Any CPU.ActiveCfg = Release|Any CPU
		{0BA62FDF-71AD-4B8A-A6B0-35EFF3C300C4}.Release|Any CPU.Build.0 = Release|Any CPU
		{0BA62FDF-71AD-4B8A-A6B0-35EFF3C300C4}.Release|x64.ActiveCfg = Release|Any CPU
		{0BA62FDF-71AD-4B8A-A6B0-35EFF3C300C4}.Release|x64.Build.0 = Release|Any CPU
		{0BA62FDF-71AD-4B8A-A6B0-35EFF3C300C4}.Release|x86.ActiveCfg = Release|Any CPU
		{0BA62FDF-71AD-4B8A-A6B0-35EFF3C300C4}.Release|x86.Build.0 = Release|Any CPU
		{0BA62FDF-71AD-4B8A-A6B0-35EFF3C300C4}.RelWithDebInfo|Any CPU.ActiveCfg = Release|Any CPU
		{0BA62FDF-71AD-4B8A-A6B0-35EFF3C300C4}.RelWithDebInfo|Any CPU.Build.0 = Release|Any CPU
		{0BA62FDF-71AD-4B8A-A6B0-35EFF3C300C4}.RelWithDebInfo|x64.ActiveCfg = Release|Any CPU
		{0BA62FDF-71AD-4B8A-A6B0-35EFF3C300C4}.RelWithDebInfo|x64.Build.0 = Release|Any CPU
		{0BA62FDF-71AD-4B8A-A6B0-35EFF3C300C4}.RelWithDebInfo|x86.ActiveCfg = Release|Any CPU
		{0BA62FDF-71AD-4B8A-A6B0-35EFF3C300C4}.RelWithDebInfo|x86.Build.0 = Release|Any CPU
		{9BD1EE7F-6D1A-481F-8D13-F3205EEBD454}.Debug|Any CPU.ActiveCfg = Debug|Any CPU
		{9BD1EE7F-6D1A-481F-8D13-F3205EEBD454}.Debug|Any CPU.Build.0 = Debug|Any CPU
		{9BD1EE7F-6D1A-481F-8D13-F3205EEBD454}.Debug|x64.ActiveCfg = Debug|Any CPU
		{9BD1EE7F-6D1A-481F-8D13-F3205EEBD454}.Debug|x64.Build.0 = Debug|Any CPU
		{9BD1EE7F-6D1A-481F-8D13-F3205EEBD454}.Debug|x86.ActiveCfg = Debug|Any CPU
		{9BD1EE7F-6D1A-481F-8D13-F3205EEBD454}.Debug|x86.Build.0 = Debug|Any CPU
		{9BD1EE7F-6D1A-481F-8D13-F3205EEBD454}.MinSizeRel|Any CPU.ActiveCfg = Release|Any CPU
		{9BD1EE7F-6D1A-481F-8D13-F3205EEBD454}.MinSizeRel|Any CPU.Build.0 = Release|Any CPU
		{9BD1EE7F-6D1A-481F-8D13-F3205EEBD454}.MinSizeRel|x64.ActiveCfg = Release|Any CPU
		{9BD1EE7F-6D1A-481F-8D13-F3205EEBD454}.MinSizeRel|x64.Build.0 = Release|Any CPU
		{9BD1EE7F-6D1A-481F-8D13-F3205EEBD454}.MinSizeRel|x86.ActiveCfg = Release|Any CPU
		{9BD1EE7F-6D1A-481F-8D13-F3205EEBD454}.MinSizeRel|x86.Build.0 = Release|Any CPU
		{9BD1EE7F-6D1A-481F-8D13-F3205EEBD454}.Release|Any CPU.ActiveCfg = Release|Any CPU
		{9BD1EE7F-6D1A-481F-8D13-F3205EEBD454}.Release|Any CPU.Build.0 = Release|Any CPU
		{9BD1EE7F-6D1A-481F-8D13-F3205EEBD454}.Release|x64.ActiveCfg = Release|Any CPU
		{9BD1EE7F-6D1A-481F-8D13-F3205EEBD454}.Release|x64.Build.0 = Release|Any CPU
		{9BD1EE7F-6D1A-481F-8D13-F3205EEBD454}.Release|x86.ActiveCfg = Release|Any CPU
		{9BD1EE7F-6D1A-481F-8D13-F3205EEBD454}.Release|x86.Build.0 = Release|Any CPU
		{9BD1EE7F-6D1A-481F-8D13-F3205EEBD454}.RelWithDebInfo|Any CPU.ActiveCfg = Release|Any CPU
		{9BD1EE7F-6D1A-481F-8D13-F3205EEBD454}.RelWithDebInfo|Any CPU.Build.0 = Release|Any CPU
		{9BD1EE7F-6D1A-481F-8D13-F3205EEBD454}.RelWithDebInfo|x64.ActiveCfg = Release|Any CPU
		{9BD1EE7F-6D1A-481F-8D13-F3205EEBD454}.RelWithDebInfo|x64.Build.0 = Release|Any CPU
		{9BD1EE7F-6D1A-481F-8D13-F3205EEBD454}.RelWithDebInfo|x86.ActiveCfg = Release|Any CPU
		{9BD1EE7F-6D1A-481F-8D13-F3205EEBD454}.RelWithDebInfo|x86.Build.0 = Release|Any CPU
		{9119490C-E582-4E55-AFA5-6A51680711BA}.Debug|Any CPU.ActiveCfg = Debug|Any CPU
		{9119490C-E582-4E55-AFA5-6A51680711BA}.Debug|Any CPU.Build.0 = Debug|Any CPU
		{9119490C-E582-4E55-AFA5-6A51680711BA}.Debug|x64.ActiveCfg = Debug|Any CPU
		{9119490C-E582-4E55-AFA5-6A51680711BA}.Debug|x64.Build.0 = Debug|Any CPU
		{9119490C-E582-4E55-AFA5-6A51680711BA}.Debug|x86.ActiveCfg = Debug|Any CPU
		{9119490C-E582-4E55-AFA5-6A51680711BA}.Debug|x86.Build.0 = Debug|Any CPU
		{9119490C-E582-4E55-AFA5-6A51680711BA}.MinSizeRel|Any CPU.ActiveCfg = Release|Any CPU
		{9119490C-E582-4E55-AFA5-6A51680711BA}.MinSizeRel|Any CPU.Build.0 = Release|Any CPU
		{9119490C-E582-4E55-AFA5-6A51680711BA}.MinSizeRel|x64.ActiveCfg = Release|Any CPU
		{9119490C-E582-4E55-AFA5-6A51680711BA}.MinSizeRel|x64.Build.0 = Release|Any CPU
		{9119490C-E582-4E55-AFA5-6A51680711BA}.MinSizeRel|x86.ActiveCfg = Release|Any CPU
		{9119490C-E582-4E55-AFA5-6A51680711BA}.MinSizeRel|x86.Build.0 = Release|Any CPU
		{9119490C-E582-4E55-AFA5-6A51680711BA}.Release|Any CPU.ActiveCfg = Release|Any CPU
		{9119490C-E582-4E55-AFA5-6A51680711BA}.Release|Any CPU.Build.0 = Release|Any CPU
		{9119490C-E582-4E55-AFA5-6A51680711BA}.Release|x64.ActiveCfg = Release|Any CPU
		{9119490C-E582-4E55-AFA5-6A51680711BA}.Release|x64.Build.0 = Release|Any CPU
		{9119490C-E582-4E55-AFA5-6A51680711BA}.Release|x86.ActiveCfg = Release|Any CPU
		{9119490C-E582-4E55-AFA5-6A51680711BA}.Release|x86.Build.0 = Release|Any CPU
		{9119490C-E582-4E55-AFA5-6A51680711BA}.RelWithDebInfo|Any CPU.ActiveCfg = Release|Any CPU
		{9119490C-E582-4E55-AFA5-6A51680711BA}.RelWithDebInfo|Any CPU.Build.0 = Release|Any CPU
		{9119490C-E582-4E55-AFA5-6A51680711BA}.RelWithDebInfo|x64.ActiveCfg = Release|Any CPU
		{9119490C-E582-4E55-AFA5-6A51680711BA}.RelWithDebInfo|x64.Build.0 = Release|Any CPU
		{9119490C-E582-4E55-AFA5-6A51680711BA}.RelWithDebInfo|x86.ActiveCfg = Release|Any CPU
		{9119490C-E582-4E55-AFA5-6A51680711BA}.RelWithDebInfo|x86.Build.0 = Release|Any CPU
		{41BDFD3A-8C3B-402D-BED6-5FC81EE1A22A}.Debug|Any CPU.ActiveCfg = Debug|Any CPU
		{41BDFD3A-8C3B-402D-BED6-5FC81EE1A22A}.Debug|Any CPU.Build.0 = Debug|Any CPU
		{41BDFD3A-8C3B-402D-BED6-5FC81EE1A22A}.Debug|x64.ActiveCfg = Debug|Any CPU
		{41BDFD3A-8C3B-402D-BED6-5FC81EE1A22A}.Debug|x64.Build.0 = Debug|Any CPU
		{41BDFD3A-8C3B-402D-BED6-5FC81EE1A22A}.Debug|x86.ActiveCfg = Debug|Any CPU
		{41BDFD3A-8C3B-402D-BED6-5FC81EE1A22A}.Debug|x86.Build.0 = Debug|Any CPU
		{41BDFD3A-8C3B-402D-BED6-5FC81EE1A22A}.MinSizeRel|Any CPU.ActiveCfg = Debug|Any CPU
		{41BDFD3A-8C3B-402D-BED6-5FC81EE1A22A}.MinSizeRel|Any CPU.Build.0 = Debug|Any CPU
		{41BDFD3A-8C3B-402D-BED6-5FC81EE1A22A}.MinSizeRel|x64.ActiveCfg = Debug|Any CPU
		{41BDFD3A-8C3B-402D-BED6-5FC81EE1A22A}.MinSizeRel|x64.Build.0 = Debug|Any CPU
		{41BDFD3A-8C3B-402D-BED6-5FC81EE1A22A}.MinSizeRel|x86.ActiveCfg = Debug|Any CPU
		{41BDFD3A-8C3B-402D-BED6-5FC81EE1A22A}.MinSizeRel|x86.Build.0 = Debug|Any CPU
		{41BDFD3A-8C3B-402D-BED6-5FC81EE1A22A}.Release|Any CPU.ActiveCfg = Release|Any CPU
		{41BDFD3A-8C3B-402D-BED6-5FC81EE1A22A}.Release|Any CPU.Build.0 = Release|Any CPU
		{41BDFD3A-8C3B-402D-BED6-5FC81EE1A22A}.Release|x64.ActiveCfg = Release|Any CPU
		{41BDFD3A-8C3B-402D-BED6-5FC81EE1A22A}.Release|x64.Build.0 = Release|Any CPU
		{41BDFD3A-8C3B-402D-BED6-5FC81EE1A22A}.Release|x86.ActiveCfg = Release|Any CPU
		{41BDFD3A-8C3B-402D-BED6-5FC81EE1A22A}.Release|x86.Build.0 = Release|Any CPU
		{41BDFD3A-8C3B-402D-BED6-5FC81EE1A22A}.RelWithDebInfo|Any CPU.ActiveCfg = Release|Any CPU
		{41BDFD3A-8C3B-402D-BED6-5FC81EE1A22A}.RelWithDebInfo|Any CPU.Build.0 = Release|Any CPU
		{41BDFD3A-8C3B-402D-BED6-5FC81EE1A22A}.RelWithDebInfo|x64.ActiveCfg = Release|Any CPU
		{41BDFD3A-8C3B-402D-BED6-5FC81EE1A22A}.RelWithDebInfo|x64.Build.0 = Release|Any CPU
		{41BDFD3A-8C3B-402D-BED6-5FC81EE1A22A}.RelWithDebInfo|x86.ActiveCfg = Release|Any CPU
		{41BDFD3A-8C3B-402D-BED6-5FC81EE1A22A}.RelWithDebInfo|x86.Build.0 = Release|Any CPU
		{6364D1FB-C274-4A0E-A4FB-1C6704B71B5E}.Debug|Any CPU.ActiveCfg = Debug|Any CPU
		{6364D1FB-C274-4A0E-A4FB-1C6704B71B5E}.Debug|Any CPU.Build.0 = Debug|Any CPU
		{6364D1FB-C274-4A0E-A4FB-1C6704B71B5E}.Debug|x64.ActiveCfg = Debug|Any CPU
		{6364D1FB-C274-4A0E-A4FB-1C6704B71B5E}.Debug|x64.Build.0 = Debug|Any CPU
		{6364D1FB-C274-4A0E-A4FB-1C6704B71B5E}.Debug|x86.ActiveCfg = Debug|Any CPU
		{6364D1FB-C274-4A0E-A4FB-1C6704B71B5E}.Debug|x86.Build.0 = Debug|Any CPU
		{6364D1FB-C274-4A0E-A4FB-1C6704B71B5E}.MinSizeRel|Any CPU.ActiveCfg = Debug|Any CPU
		{6364D1FB-C274-4A0E-A4FB-1C6704B71B5E}.MinSizeRel|Any CPU.Build.0 = Debug|Any CPU
		{6364D1FB-C274-4A0E-A4FB-1C6704B71B5E}.MinSizeRel|x64.ActiveCfg = Debug|Any CPU
		{6364D1FB-C274-4A0E-A4FB-1C6704B71B5E}.MinSizeRel|x64.Build.0 = Debug|Any CPU
		{6364D1FB-C274-4A0E-A4FB-1C6704B71B5E}.MinSizeRel|x86.ActiveCfg = Debug|Any CPU
		{6364D1FB-C274-4A0E-A4FB-1C6704B71B5E}.MinSizeRel|x86.Build.0 = Debug|Any CPU
		{6364D1FB-C274-4A0E-A4FB-1C6704B71B5E}.Release|Any CPU.ActiveCfg = Release|Any CPU
		{6364D1FB-C274-4A0E-A4FB-1C6704B71B5E}.Release|Any CPU.Build.0 = Release|Any CPU
		{6364D1FB-C274-4A0E-A4FB-1C6704B71B5E}.Release|x64.ActiveCfg = Release|Any CPU
		{6364D1FB-C274-4A0E-A4FB-1C6704B71B5E}.Release|x64.Build.0 = Release|Any CPU
		{6364D1FB-C274-4A0E-A4FB-1C6704B71B5E}.Release|x86.ActiveCfg = Release|Any CPU
		{6364D1FB-C274-4A0E-A4FB-1C6704B71B5E}.Release|x86.Build.0 = Release|Any CPU
		{6364D1FB-C274-4A0E-A4FB-1C6704B71B5E}.RelWithDebInfo|Any CPU.ActiveCfg = Debug|Any CPU
		{6364D1FB-C274-4A0E-A4FB-1C6704B71B5E}.RelWithDebInfo|Any CPU.Build.0 = Debug|Any CPU
		{6364D1FB-C274-4A0E-A4FB-1C6704B71B5E}.RelWithDebInfo|x64.ActiveCfg = Debug|Any CPU
		{6364D1FB-C274-4A0E-A4FB-1C6704B71B5E}.RelWithDebInfo|x64.Build.0 = Debug|Any CPU
		{6364D1FB-C274-4A0E-A4FB-1C6704B71B5E}.RelWithDebInfo|x86.ActiveCfg = Debug|Any CPU
		{6364D1FB-C274-4A0E-A4FB-1C6704B71B5E}.RelWithDebInfo|x86.Build.0 = Debug|Any CPU
		{D66BAE42-2334-481E-A60C-2B6210BB1F61}.Debug|Any CPU.ActiveCfg = Debug|Any CPU
		{D66BAE42-2334-481E-A60C-2B6210BB1F61}.Debug|Any CPU.Build.0 = Debug|Any CPU
		{D66BAE42-2334-481E-A60C-2B6210BB1F61}.Debug|x64.ActiveCfg = Debug|Any CPU
		{D66BAE42-2334-481E-A60C-2B6210BB1F61}.Debug|x64.Build.0 = Debug|Any CPU
		{D66BAE42-2334-481E-A60C-2B6210BB1F61}.Debug|x86.ActiveCfg = Debug|Any CPU
		{D66BAE42-2334-481E-A60C-2B6210BB1F61}.Debug|x86.Build.0 = Debug|Any CPU
		{D66BAE42-2334-481E-A60C-2B6210BB1F61}.MinSizeRel|Any CPU.ActiveCfg = Debug|Any CPU
		{D66BAE42-2334-481E-A60C-2B6210BB1F61}.MinSizeRel|Any CPU.Build.0 = Debug|Any CPU
		{D66BAE42-2334-481E-A60C-2B6210BB1F61}.MinSizeRel|x64.ActiveCfg = Debug|Any CPU
		{D66BAE42-2334-481E-A60C-2B6210BB1F61}.MinSizeRel|x64.Build.0 = Debug|Any CPU
		{D66BAE42-2334-481E-A60C-2B6210BB1F61}.MinSizeRel|x86.ActiveCfg = Debug|Any CPU
		{D66BAE42-2334-481E-A60C-2B6210BB1F61}.MinSizeRel|x86.Build.0 = Debug|Any CPU
		{D66BAE42-2334-481E-A60C-2B6210BB1F61}.Release|Any CPU.ActiveCfg = Release|Any CPU
		{D66BAE42-2334-481E-A60C-2B6210BB1F61}.Release|Any CPU.Build.0 = Release|Any CPU
		{D66BAE42-2334-481E-A60C-2B6210BB1F61}.Release|x64.ActiveCfg = Release|Any CPU
		{D66BAE42-2334-481E-A60C-2B6210BB1F61}.Release|x64.Build.0 = Release|Any CPU
		{D66BAE42-2334-481E-A60C-2B6210BB1F61}.Release|x86.ActiveCfg = Release|Any CPU
		{D66BAE42-2334-481E-A60C-2B6210BB1F61}.Release|x86.Build.0 = Release|Any CPU
		{D66BAE42-2334-481E-A60C-2B6210BB1F61}.RelWithDebInfo|Any CPU.ActiveCfg = Debug|Any CPU
		{D66BAE42-2334-481E-A60C-2B6210BB1F61}.RelWithDebInfo|Any CPU.Build.0 = Debug|Any CPU
		{D66BAE42-2334-481E-A60C-2B6210BB1F61}.RelWithDebInfo|x64.ActiveCfg = Debug|Any CPU
		{D66BAE42-2334-481E-A60C-2B6210BB1F61}.RelWithDebInfo|x64.Build.0 = Debug|Any CPU
		{D66BAE42-2334-481E-A60C-2B6210BB1F61}.RelWithDebInfo|x86.ActiveCfg = Debug|Any CPU
		{D66BAE42-2334-481E-A60C-2B6210BB1F61}.RelWithDebInfo|x86.Build.0 = Debug|Any CPU
		{78B62374-2A96-45FC-936D-33872D472684}.Debug|Any CPU.ActiveCfg = Debug|Any CPU
		{78B62374-2A96-45FC-936D-33872D472684}.Debug|Any CPU.Build.0 = Debug|Any CPU
		{78B62374-2A96-45FC-936D-33872D472684}.Debug|x64.ActiveCfg = Debug|Any CPU
		{78B62374-2A96-45FC-936D-33872D472684}.Debug|x64.Build.0 = Debug|Any CPU
		{78B62374-2A96-45FC-936D-33872D472684}.Debug|x86.ActiveCfg = Debug|Any CPU
		{78B62374-2A96-45FC-936D-33872D472684}.Debug|x86.Build.0 = Debug|Any CPU
		{78B62374-2A96-45FC-936D-33872D472684}.MinSizeRel|Any CPU.ActiveCfg = Debug|Any CPU
		{78B62374-2A96-45FC-936D-33872D472684}.MinSizeRel|Any CPU.Build.0 = Debug|Any CPU
		{78B62374-2A96-45FC-936D-33872D472684}.MinSizeRel|x64.ActiveCfg = Debug|Any CPU
		{78B62374-2A96-45FC-936D-33872D472684}.MinSizeRel|x64.Build.0 = Debug|Any CPU
		{78B62374-2A96-45FC-936D-33872D472684}.MinSizeRel|x86.ActiveCfg = Debug|Any CPU
		{78B62374-2A96-45FC-936D-33872D472684}.MinSizeRel|x86.Build.0 = Debug|Any CPU
		{78B62374-2A96-45FC-936D-33872D472684}.Release|Any CPU.ActiveCfg = Release|Any CPU
		{78B62374-2A96-45FC-936D-33872D472684}.Release|Any CPU.Build.0 = Release|Any CPU
		{78B62374-2A96-45FC-936D-33872D472684}.Release|x64.ActiveCfg = Release|Any CPU
		{78B62374-2A96-45FC-936D-33872D472684}.Release|x64.Build.0 = Release|Any CPU
		{78B62374-2A96-45FC-936D-33872D472684}.Release|x86.ActiveCfg = Release|Any CPU
		{78B62374-2A96-45FC-936D-33872D472684}.Release|x86.Build.0 = Release|Any CPU
		{78B62374-2A96-45FC-936D-33872D472684}.RelWithDebInfo|Any CPU.ActiveCfg = Debug|Any CPU
		{78B62374-2A96-45FC-936D-33872D472684}.RelWithDebInfo|Any CPU.Build.0 = Debug|Any CPU
		{78B62374-2A96-45FC-936D-33872D472684}.RelWithDebInfo|x64.ActiveCfg = Debug|Any CPU
		{78B62374-2A96-45FC-936D-33872D472684}.RelWithDebInfo|x64.Build.0 = Debug|Any CPU
		{78B62374-2A96-45FC-936D-33872D472684}.RelWithDebInfo|x86.ActiveCfg = Debug|Any CPU
		{78B62374-2A96-45FC-936D-33872D472684}.RelWithDebInfo|x86.Build.0 = Debug|Any CPU
		{8C8AE123-3D76-47C9-80AE-FFE8F366265D}.Debug|Any CPU.ActiveCfg = Debug|Any CPU
		{8C8AE123-3D76-47C9-80AE-FFE8F366265D}.Debug|Any CPU.Build.0 = Debug|Any CPU
		{8C8AE123-3D76-47C9-80AE-FFE8F366265D}.Debug|x64.ActiveCfg = Debug|Any CPU
		{8C8AE123-3D76-47C9-80AE-FFE8F366265D}.Debug|x64.Build.0 = Debug|Any CPU
		{8C8AE123-3D76-47C9-80AE-FFE8F366265D}.Debug|x86.ActiveCfg = Debug|Any CPU
		{8C8AE123-3D76-47C9-80AE-FFE8F366265D}.Debug|x86.Build.0 = Debug|Any CPU
		{8C8AE123-3D76-47C9-80AE-FFE8F366265D}.MinSizeRel|Any CPU.ActiveCfg = Debug|Any CPU
		{8C8AE123-3D76-47C9-80AE-FFE8F366265D}.MinSizeRel|Any CPU.Build.0 = Debug|Any CPU
		{8C8AE123-3D76-47C9-80AE-FFE8F366265D}.MinSizeRel|x64.ActiveCfg = Debug|Any CPU
		{8C8AE123-3D76-47C9-80AE-FFE8F366265D}.MinSizeRel|x64.Build.0 = Debug|Any CPU
		{8C8AE123-3D76-47C9-80AE-FFE8F366265D}.MinSizeRel|x86.ActiveCfg = Debug|Any CPU
		{8C8AE123-3D76-47C9-80AE-FFE8F366265D}.MinSizeRel|x86.Build.0 = Debug|Any CPU
		{8C8AE123-3D76-47C9-80AE-FFE8F366265D}.Release|Any CPU.ActiveCfg = Release|Any CPU
		{8C8AE123-3D76-47C9-80AE-FFE8F366265D}.Release|Any CPU.Build.0 = Release|Any CPU
		{8C8AE123-3D76-47C9-80AE-FFE8F366265D}.Release|x64.ActiveCfg = Release|Any CPU
		{8C8AE123-3D76-47C9-80AE-FFE8F366265D}.Release|x64.Build.0 = Release|Any CPU
		{8C8AE123-3D76-47C9-80AE-FFE8F366265D}.Release|x86.ActiveCfg = Release|Any CPU
		{8C8AE123-3D76-47C9-80AE-FFE8F366265D}.Release|x86.Build.0 = Release|Any CPU
		{8C8AE123-3D76-47C9-80AE-FFE8F366265D}.RelWithDebInfo|Any CPU.ActiveCfg = Debug|Any CPU
		{8C8AE123-3D76-47C9-80AE-FFE8F366265D}.RelWithDebInfo|Any CPU.Build.0 = Debug|Any CPU
		{8C8AE123-3D76-47C9-80AE-FFE8F366265D}.RelWithDebInfo|x64.ActiveCfg = Debug|Any CPU
		{8C8AE123-3D76-47C9-80AE-FFE8F366265D}.RelWithDebInfo|x64.Build.0 = Debug|Any CPU
		{8C8AE123-3D76-47C9-80AE-FFE8F366265D}.RelWithDebInfo|x86.ActiveCfg = Debug|Any CPU
		{8C8AE123-3D76-47C9-80AE-FFE8F366265D}.RelWithDebInfo|x86.Build.0 = Debug|Any CPU
		{888146C7-CD16-4EFB-A203-798BAAA11540}.Debug|Any CPU.ActiveCfg = Debug|Any CPU
		{888146C7-CD16-4EFB-A203-798BAAA11540}.Debug|Any CPU.Build.0 = Debug|Any CPU
		{888146C7-CD16-4EFB-A203-798BAAA11540}.Debug|x64.ActiveCfg = Debug|Any CPU
		{888146C7-CD16-4EFB-A203-798BAAA11540}.Debug|x64.Build.0 = Debug|Any CPU
		{888146C7-CD16-4EFB-A203-798BAAA11540}.Debug|x86.ActiveCfg = Debug|Any CPU
		{888146C7-CD16-4EFB-A203-798BAAA11540}.Debug|x86.Build.0 = Debug|Any CPU
		{888146C7-CD16-4EFB-A203-798BAAA11540}.MinSizeRel|Any CPU.ActiveCfg = Debug|Any CPU
		{888146C7-CD16-4EFB-A203-798BAAA11540}.MinSizeRel|Any CPU.Build.0 = Debug|Any CPU
		{888146C7-CD16-4EFB-A203-798BAAA11540}.MinSizeRel|x64.ActiveCfg = Debug|Any CPU
		{888146C7-CD16-4EFB-A203-798BAAA11540}.MinSizeRel|x64.Build.0 = Debug|Any CPU
		{888146C7-CD16-4EFB-A203-798BAAA11540}.MinSizeRel|x86.ActiveCfg = Debug|Any CPU
		{888146C7-CD16-4EFB-A203-798BAAA11540}.MinSizeRel|x86.Build.0 = Debug|Any CPU
		{888146C7-CD16-4EFB-A203-798BAAA11540}.Release|Any CPU.ActiveCfg = Release|Any CPU
		{888146C7-CD16-4EFB-A203-798BAAA11540}.Release|Any CPU.Build.0 = Release|Any CPU
		{888146C7-CD16-4EFB-A203-798BAAA11540}.Release|x64.ActiveCfg = Release|Any CPU
		{888146C7-CD16-4EFB-A203-798BAAA11540}.Release|x64.Build.0 = Release|Any CPU
		{888146C7-CD16-4EFB-A203-798BAAA11540}.Release|x86.ActiveCfg = Release|Any CPU
		{888146C7-CD16-4EFB-A203-798BAAA11540}.Release|x86.Build.0 = Release|Any CPU
		{888146C7-CD16-4EFB-A203-798BAAA11540}.RelWithDebInfo|Any CPU.ActiveCfg = Debug|Any CPU
		{888146C7-CD16-4EFB-A203-798BAAA11540}.RelWithDebInfo|Any CPU.Build.0 = Debug|Any CPU
		{888146C7-CD16-4EFB-A203-798BAAA11540}.RelWithDebInfo|x64.ActiveCfg = Debug|Any CPU
		{888146C7-CD16-4EFB-A203-798BAAA11540}.RelWithDebInfo|x64.Build.0 = Debug|Any CPU
		{888146C7-CD16-4EFB-A203-798BAAA11540}.RelWithDebInfo|x86.ActiveCfg = Debug|Any CPU
		{888146C7-CD16-4EFB-A203-798BAAA11540}.RelWithDebInfo|x86.Build.0 = Debug|Any CPU
		{CAF39B4C-FE21-4D08-98C2-954A5675A705}.Debug|Any CPU.ActiveCfg = Debug|Any CPU
		{CAF39B4C-FE21-4D08-98C2-954A5675A705}.Debug|Any CPU.Build.0 = Debug|Any CPU
		{CAF39B4C-FE21-4D08-98C2-954A5675A705}.Debug|x64.ActiveCfg = Debug|Any CPU
		{CAF39B4C-FE21-4D08-98C2-954A5675A705}.Debug|x64.Build.0 = Debug|Any CPU
		{CAF39B4C-FE21-4D08-98C2-954A5675A705}.Debug|x86.ActiveCfg = Debug|Any CPU
		{CAF39B4C-FE21-4D08-98C2-954A5675A705}.Debug|x86.Build.0 = Debug|Any CPU
		{CAF39B4C-FE21-4D08-98C2-954A5675A705}.MinSizeRel|Any CPU.ActiveCfg = Debug|Any CPU
		{CAF39B4C-FE21-4D08-98C2-954A5675A705}.MinSizeRel|Any CPU.Build.0 = Debug|Any CPU
		{CAF39B4C-FE21-4D08-98C2-954A5675A705}.MinSizeRel|x64.ActiveCfg = Debug|Any CPU
		{CAF39B4C-FE21-4D08-98C2-954A5675A705}.MinSizeRel|x64.Build.0 = Debug|Any CPU
		{CAF39B4C-FE21-4D08-98C2-954A5675A705}.MinSizeRel|x86.ActiveCfg = Debug|Any CPU
		{CAF39B4C-FE21-4D08-98C2-954A5675A705}.MinSizeRel|x86.Build.0 = Debug|Any CPU
		{CAF39B4C-FE21-4D08-98C2-954A5675A705}.Release|Any CPU.ActiveCfg = Release|Any CPU
		{CAF39B4C-FE21-4D08-98C2-954A5675A705}.Release|Any CPU.Build.0 = Release|Any CPU
		{CAF39B4C-FE21-4D08-98C2-954A5675A705}.Release|x64.ActiveCfg = Release|Any CPU
		{CAF39B4C-FE21-4D08-98C2-954A5675A705}.Release|x64.Build.0 = Release|Any CPU
		{CAF39B4C-FE21-4D08-98C2-954A5675A705}.Release|x86.ActiveCfg = Release|Any CPU
		{CAF39B4C-FE21-4D08-98C2-954A5675A705}.Release|x86.Build.0 = Release|Any CPU
		{CAF39B4C-FE21-4D08-98C2-954A5675A705}.RelWithDebInfo|Any CPU.ActiveCfg = Debug|Any CPU
		{CAF39B4C-FE21-4D08-98C2-954A5675A705}.RelWithDebInfo|Any CPU.Build.0 = Debug|Any CPU
		{CAF39B4C-FE21-4D08-98C2-954A5675A705}.RelWithDebInfo|x64.ActiveCfg = Debug|Any CPU
		{CAF39B4C-FE21-4D08-98C2-954A5675A705}.RelWithDebInfo|x64.Build.0 = Debug|Any CPU
		{CAF39B4C-FE21-4D08-98C2-954A5675A705}.RelWithDebInfo|x86.ActiveCfg = Debug|Any CPU
		{CAF39B4C-FE21-4D08-98C2-954A5675A705}.RelWithDebInfo|x86.Build.0 = Debug|Any CPU
		{1E2B2411-25F0-476D-A8F1-0730C7746DC7}.Debug|Any CPU.ActiveCfg = Debug|Any CPU
		{1E2B2411-25F0-476D-A8F1-0730C7746DC7}.Debug|Any CPU.Build.0 = Debug|Any CPU
		{1E2B2411-25F0-476D-A8F1-0730C7746DC7}.Debug|x64.ActiveCfg = Debug|Any CPU
		{1E2B2411-25F0-476D-A8F1-0730C7746DC7}.Debug|x64.Build.0 = Debug|Any CPU
		{1E2B2411-25F0-476D-A8F1-0730C7746DC7}.Debug|x86.ActiveCfg = Debug|Any CPU
		{1E2B2411-25F0-476D-A8F1-0730C7746DC7}.Debug|x86.Build.0 = Debug|Any CPU
		{1E2B2411-25F0-476D-A8F1-0730C7746DC7}.MinSizeRel|Any CPU.ActiveCfg = Debug|Any CPU
		{1E2B2411-25F0-476D-A8F1-0730C7746DC7}.MinSizeRel|Any CPU.Build.0 = Debug|Any CPU
		{1E2B2411-25F0-476D-A8F1-0730C7746DC7}.MinSizeRel|x64.ActiveCfg = Debug|Any CPU
		{1E2B2411-25F0-476D-A8F1-0730C7746DC7}.MinSizeRel|x64.Build.0 = Debug|Any CPU
		{1E2B2411-25F0-476D-A8F1-0730C7746DC7}.MinSizeRel|x86.ActiveCfg = Debug|Any CPU
		{1E2B2411-25F0-476D-A8F1-0730C7746DC7}.MinSizeRel|x86.Build.0 = Debug|Any CPU
		{1E2B2411-25F0-476D-A8F1-0730C7746DC7}.Release|Any CPU.ActiveCfg = Release|Any CPU
		{1E2B2411-25F0-476D-A8F1-0730C7746DC7}.Release|Any CPU.Build.0 = Release|Any CPU
		{1E2B2411-25F0-476D-A8F1-0730C7746DC7}.Release|x64.ActiveCfg = Release|Any CPU
		{1E2B2411-25F0-476D-A8F1-0730C7746DC7}.Release|x64.Build.0 = Release|Any CPU
		{1E2B2411-25F0-476D-A8F1-0730C7746DC7}.Release|x86.ActiveCfg = Release|Any CPU
		{1E2B2411-25F0-476D-A8F1-0730C7746DC7}.Release|x86.Build.0 = Release|Any CPU
		{1E2B2411-25F0-476D-A8F1-0730C7746DC7}.RelWithDebInfo|Any CPU.ActiveCfg = Debug|Any CPU
		{1E2B2411-25F0-476D-A8F1-0730C7746DC7}.RelWithDebInfo|Any CPU.Build.0 = Debug|Any CPU
		{1E2B2411-25F0-476D-A8F1-0730C7746DC7}.RelWithDebInfo|x64.ActiveCfg = Debug|Any CPU
		{1E2B2411-25F0-476D-A8F1-0730C7746DC7}.RelWithDebInfo|x64.Build.0 = Debug|Any CPU
		{1E2B2411-25F0-476D-A8F1-0730C7746DC7}.RelWithDebInfo|x86.ActiveCfg = Debug|Any CPU
		{1E2B2411-25F0-476D-A8F1-0730C7746DC7}.RelWithDebInfo|x86.Build.0 = Debug|Any CPU
		{A8A8BC52-6EE2-4F44-945F-1E22321C9480}.Debug|Any CPU.ActiveCfg = Debug|Any CPU
		{A8A8BC52-6EE2-4F44-945F-1E22321C9480}.Debug|Any CPU.Build.0 = Debug|Any CPU
		{A8A8BC52-6EE2-4F44-945F-1E22321C9480}.Debug|x64.ActiveCfg = Debug|Any CPU
		{A8A8BC52-6EE2-4F44-945F-1E22321C9480}.Debug|x64.Build.0 = Debug|Any CPU
		{A8A8BC52-6EE2-4F44-945F-1E22321C9480}.Debug|x86.ActiveCfg = Debug|Any CPU
		{A8A8BC52-6EE2-4F44-945F-1E22321C9480}.Debug|x86.Build.0 = Debug|Any CPU
		{A8A8BC52-6EE2-4F44-945F-1E22321C9480}.MinSizeRel|Any CPU.ActiveCfg = Debug|Any CPU
		{A8A8BC52-6EE2-4F44-945F-1E22321C9480}.MinSizeRel|Any CPU.Build.0 = Debug|Any CPU
		{A8A8BC52-6EE2-4F44-945F-1E22321C9480}.MinSizeRel|x64.ActiveCfg = Debug|Any CPU
		{A8A8BC52-6EE2-4F44-945F-1E22321C9480}.MinSizeRel|x64.Build.0 = Debug|Any CPU
		{A8A8BC52-6EE2-4F44-945F-1E22321C9480}.MinSizeRel|x86.ActiveCfg = Debug|Any CPU
		{A8A8BC52-6EE2-4F44-945F-1E22321C9480}.MinSizeRel|x86.Build.0 = Debug|Any CPU
		{A8A8BC52-6EE2-4F44-945F-1E22321C9480}.Release|Any CPU.ActiveCfg = Release|Any CPU
		{A8A8BC52-6EE2-4F44-945F-1E22321C9480}.Release|Any CPU.Build.0 = Release|Any CPU
		{A8A8BC52-6EE2-4F44-945F-1E22321C9480}.Release|x64.ActiveCfg = Release|Any CPU
		{A8A8BC52-6EE2-4F44-945F-1E22321C9480}.Release|x64.Build.0 = Release|Any CPU
		{A8A8BC52-6EE2-4F44-945F-1E22321C9480}.Release|x86.ActiveCfg = Release|Any CPU
		{A8A8BC52-6EE2-4F44-945F-1E22321C9480}.Release|x86.Build.0 = Release|Any CPU
		{A8A8BC52-6EE2-4F44-945F-1E22321C9480}.RelWithDebInfo|Any CPU.ActiveCfg = Debug|Any CPU
		{A8A8BC52-6EE2-4F44-945F-1E22321C9480}.RelWithDebInfo|Any CPU.Build.0 = Debug|Any CPU
		{A8A8BC52-6EE2-4F44-945F-1E22321C9480}.RelWithDebInfo|x64.ActiveCfg = Debug|Any CPU
		{A8A8BC52-6EE2-4F44-945F-1E22321C9480}.RelWithDebInfo|x64.Build.0 = Debug|Any CPU
		{A8A8BC52-6EE2-4F44-945F-1E22321C9480}.RelWithDebInfo|x86.ActiveCfg = Debug|Any CPU
		{A8A8BC52-6EE2-4F44-945F-1E22321C9480}.RelWithDebInfo|x86.Build.0 = Debug|Any CPU
		{94A5EDB5-1435-4809-8349-EE4CFAFB97BC}.Debug|Any CPU.ActiveCfg = Debug|Any CPU
		{94A5EDB5-1435-4809-8349-EE4CFAFB97BC}.Debug|Any CPU.Build.0 = Debug|Any CPU
		{94A5EDB5-1435-4809-8349-EE4CFAFB97BC}.Debug|x64.ActiveCfg = Debug|Any CPU
		{94A5EDB5-1435-4809-8349-EE4CFAFB97BC}.Debug|x64.Build.0 = Debug|Any CPU
		{94A5EDB5-1435-4809-8349-EE4CFAFB97BC}.Debug|x86.ActiveCfg = Debug|Any CPU
		{94A5EDB5-1435-4809-8349-EE4CFAFB97BC}.Debug|x86.Build.0 = Debug|Any CPU
		{94A5EDB5-1435-4809-8349-EE4CFAFB97BC}.MinSizeRel|Any CPU.ActiveCfg = Debug|Any CPU
		{94A5EDB5-1435-4809-8349-EE4CFAFB97BC}.MinSizeRel|Any CPU.Build.0 = Debug|Any CPU
		{94A5EDB5-1435-4809-8349-EE4CFAFB97BC}.MinSizeRel|x64.ActiveCfg = Debug|Any CPU
		{94A5EDB5-1435-4809-8349-EE4CFAFB97BC}.MinSizeRel|x64.Build.0 = Debug|Any CPU
		{94A5EDB5-1435-4809-8349-EE4CFAFB97BC}.MinSizeRel|x86.ActiveCfg = Debug|Any CPU
		{94A5EDB5-1435-4809-8349-EE4CFAFB97BC}.MinSizeRel|x86.Build.0 = Debug|Any CPU
		{94A5EDB5-1435-4809-8349-EE4CFAFB97BC}.Release|Any CPU.ActiveCfg = Release|Any CPU
		{94A5EDB5-1435-4809-8349-EE4CFAFB97BC}.Release|Any CPU.Build.0 = Release|Any CPU
		{94A5EDB5-1435-4809-8349-EE4CFAFB97BC}.Release|x64.ActiveCfg = Release|Any CPU
		{94A5EDB5-1435-4809-8349-EE4CFAFB97BC}.Release|x64.Build.0 = Release|Any CPU
		{94A5EDB5-1435-4809-8349-EE4CFAFB97BC}.Release|x86.ActiveCfg = Release|Any CPU
		{94A5EDB5-1435-4809-8349-EE4CFAFB97BC}.Release|x86.Build.0 = Release|Any CPU
		{94A5EDB5-1435-4809-8349-EE4CFAFB97BC}.RelWithDebInfo|Any CPU.ActiveCfg = Debug|Any CPU
		{94A5EDB5-1435-4809-8349-EE4CFAFB97BC}.RelWithDebInfo|Any CPU.Build.0 = Debug|Any CPU
		{94A5EDB5-1435-4809-8349-EE4CFAFB97BC}.RelWithDebInfo|x64.ActiveCfg = Debug|Any CPU
		{94A5EDB5-1435-4809-8349-EE4CFAFB97BC}.RelWithDebInfo|x64.Build.0 = Debug|Any CPU
		{94A5EDB5-1435-4809-8349-EE4CFAFB97BC}.RelWithDebInfo|x86.ActiveCfg = Debug|Any CPU
		{94A5EDB5-1435-4809-8349-EE4CFAFB97BC}.RelWithDebInfo|x86.Build.0 = Debug|Any CPU
		{FAF96F9F-D4CB-4FFC-AB9D-8C838E33A546}.Debug|Any CPU.ActiveCfg = Debug|Any CPU
		{FAF96F9F-D4CB-4FFC-AB9D-8C838E33A546}.Debug|Any CPU.Build.0 = Debug|Any CPU
		{FAF96F9F-D4CB-4FFC-AB9D-8C838E33A546}.Debug|x64.ActiveCfg = Debug|Any CPU
		{FAF96F9F-D4CB-4FFC-AB9D-8C838E33A546}.Debug|x64.Build.0 = Debug|Any CPU
		{FAF96F9F-D4CB-4FFC-AB9D-8C838E33A546}.Debug|x86.ActiveCfg = Debug|Any CPU
		{FAF96F9F-D4CB-4FFC-AB9D-8C838E33A546}.Debug|x86.Build.0 = Debug|Any CPU
		{FAF96F9F-D4CB-4FFC-AB9D-8C838E33A546}.MinSizeRel|Any CPU.ActiveCfg = Debug|Any CPU
		{FAF96F9F-D4CB-4FFC-AB9D-8C838E33A546}.MinSizeRel|Any CPU.Build.0 = Debug|Any CPU
		{FAF96F9F-D4CB-4FFC-AB9D-8C838E33A546}.MinSizeRel|x64.ActiveCfg = Debug|Any CPU
		{FAF96F9F-D4CB-4FFC-AB9D-8C838E33A546}.MinSizeRel|x64.Build.0 = Debug|Any CPU
		{FAF96F9F-D4CB-4FFC-AB9D-8C838E33A546}.MinSizeRel|x86.ActiveCfg = Debug|Any CPU
		{FAF96F9F-D4CB-4FFC-AB9D-8C838E33A546}.MinSizeRel|x86.Build.0 = Debug|Any CPU
		{FAF96F9F-D4CB-4FFC-AB9D-8C838E33A546}.Release|Any CPU.ActiveCfg = Release|Any CPU
		{FAF96F9F-D4CB-4FFC-AB9D-8C838E33A546}.Release|Any CPU.Build.0 = Release|Any CPU
		{FAF96F9F-D4CB-4FFC-AB9D-8C838E33A546}.Release|x64.ActiveCfg = Release|Any CPU
		{FAF96F9F-D4CB-4FFC-AB9D-8C838E33A546}.Release|x64.Build.0 = Release|Any CPU
		{FAF96F9F-D4CB-4FFC-AB9D-8C838E33A546}.Release|x86.ActiveCfg = Release|Any CPU
		{FAF96F9F-D4CB-4FFC-AB9D-8C838E33A546}.Release|x86.Build.0 = Release|Any CPU
		{FAF96F9F-D4CB-4FFC-AB9D-8C838E33A546}.RelWithDebInfo|Any CPU.ActiveCfg = Debug|Any CPU
		{FAF96F9F-D4CB-4FFC-AB9D-8C838E33A546}.RelWithDebInfo|Any CPU.Build.0 = Debug|Any CPU
		{FAF96F9F-D4CB-4FFC-AB9D-8C838E33A546}.RelWithDebInfo|x64.ActiveCfg = Debug|Any CPU
		{FAF96F9F-D4CB-4FFC-AB9D-8C838E33A546}.RelWithDebInfo|x64.Build.0 = Debug|Any CPU
		{FAF96F9F-D4CB-4FFC-AB9D-8C838E33A546}.RelWithDebInfo|x86.ActiveCfg = Debug|Any CPU
		{FAF96F9F-D4CB-4FFC-AB9D-8C838E33A546}.RelWithDebInfo|x86.Build.0 = Debug|Any CPU
		{692EBEB7-1D19-480A-B2A3-EAE9A5EAB62E}.Debug|Any CPU.ActiveCfg = Debug|Any CPU
		{692EBEB7-1D19-480A-B2A3-EAE9A5EAB62E}.Debug|Any CPU.Build.0 = Debug|Any CPU
		{692EBEB7-1D19-480A-B2A3-EAE9A5EAB62E}.Debug|x64.ActiveCfg = Debug|Any CPU
		{692EBEB7-1D19-480A-B2A3-EAE9A5EAB62E}.Debug|x64.Build.0 = Debug|Any CPU
		{692EBEB7-1D19-480A-B2A3-EAE9A5EAB62E}.Debug|x86.ActiveCfg = Debug|Any CPU
		{692EBEB7-1D19-480A-B2A3-EAE9A5EAB62E}.Debug|x86.Build.0 = Debug|Any CPU
		{692EBEB7-1D19-480A-B2A3-EAE9A5EAB62E}.MinSizeRel|Any CPU.ActiveCfg = Debug|Any CPU
		{692EBEB7-1D19-480A-B2A3-EAE9A5EAB62E}.MinSizeRel|Any CPU.Build.0 = Debug|Any CPU
		{692EBEB7-1D19-480A-B2A3-EAE9A5EAB62E}.MinSizeRel|x64.ActiveCfg = Debug|Any CPU
		{692EBEB7-1D19-480A-B2A3-EAE9A5EAB62E}.MinSizeRel|x64.Build.0 = Debug|Any CPU
		{692EBEB7-1D19-480A-B2A3-EAE9A5EAB62E}.MinSizeRel|x86.ActiveCfg = Debug|Any CPU
		{692EBEB7-1D19-480A-B2A3-EAE9A5EAB62E}.MinSizeRel|x86.Build.0 = Debug|Any CPU
		{692EBEB7-1D19-480A-B2A3-EAE9A5EAB62E}.Release|Any CPU.ActiveCfg = Release|Any CPU
		{692EBEB7-1D19-480A-B2A3-EAE9A5EAB62E}.Release|Any CPU.Build.0 = Release|Any CPU
		{692EBEB7-1D19-480A-B2A3-EAE9A5EAB62E}.Release|x64.ActiveCfg = Release|Any CPU
		{692EBEB7-1D19-480A-B2A3-EAE9A5EAB62E}.Release|x64.Build.0 = Release|Any CPU
		{692EBEB7-1D19-480A-B2A3-EAE9A5EAB62E}.Release|x86.ActiveCfg = Release|Any CPU
		{692EBEB7-1D19-480A-B2A3-EAE9A5EAB62E}.Release|x86.Build.0 = Release|Any CPU
		{692EBEB7-1D19-480A-B2A3-EAE9A5EAB62E}.RelWithDebInfo|Any CPU.ActiveCfg = Debug|Any CPU
		{692EBEB7-1D19-480A-B2A3-EAE9A5EAB62E}.RelWithDebInfo|Any CPU.Build.0 = Debug|Any CPU
		{692EBEB7-1D19-480A-B2A3-EAE9A5EAB62E}.RelWithDebInfo|x64.ActiveCfg = Debug|Any CPU
		{692EBEB7-1D19-480A-B2A3-EAE9A5EAB62E}.RelWithDebInfo|x64.Build.0 = Debug|Any CPU
		{692EBEB7-1D19-480A-B2A3-EAE9A5EAB62E}.RelWithDebInfo|x86.ActiveCfg = Debug|Any CPU
		{692EBEB7-1D19-480A-B2A3-EAE9A5EAB62E}.RelWithDebInfo|x86.Build.0 = Debug|Any CPU
		{4A73B58F-E99F-4B6A-BCBD-CBC4F4D72A69}.Debug|Any CPU.ActiveCfg = Debug|Any CPU
		{4A73B58F-E99F-4B6A-BCBD-CBC4F4D72A69}.Debug|Any CPU.Build.0 = Debug|Any CPU
		{4A73B58F-E99F-4B6A-BCBD-CBC4F4D72A69}.Debug|x64.ActiveCfg = Debug|Any CPU
		{4A73B58F-E99F-4B6A-BCBD-CBC4F4D72A69}.Debug|x64.Build.0 = Debug|Any CPU
		{4A73B58F-E99F-4B6A-BCBD-CBC4F4D72A69}.Debug|x86.ActiveCfg = Debug|Any CPU
		{4A73B58F-E99F-4B6A-BCBD-CBC4F4D72A69}.Debug|x86.Build.0 = Debug|Any CPU
		{4A73B58F-E99F-4B6A-BCBD-CBC4F4D72A69}.MinSizeRel|Any CPU.ActiveCfg = Debug|Any CPU
		{4A73B58F-E99F-4B6A-BCBD-CBC4F4D72A69}.MinSizeRel|Any CPU.Build.0 = Debug|Any CPU
		{4A73B58F-E99F-4B6A-BCBD-CBC4F4D72A69}.MinSizeRel|x64.ActiveCfg = Debug|Any CPU
		{4A73B58F-E99F-4B6A-BCBD-CBC4F4D72A69}.MinSizeRel|x64.Build.0 = Debug|Any CPU
		{4A73B58F-E99F-4B6A-BCBD-CBC4F4D72A69}.MinSizeRel|x86.ActiveCfg = Debug|Any CPU
		{4A73B58F-E99F-4B6A-BCBD-CBC4F4D72A69}.MinSizeRel|x86.Build.0 = Debug|Any CPU
		{4A73B58F-E99F-4B6A-BCBD-CBC4F4D72A69}.Release|Any CPU.ActiveCfg = Release|Any CPU
		{4A73B58F-E99F-4B6A-BCBD-CBC4F4D72A69}.Release|Any CPU.Build.0 = Release|Any CPU
		{4A73B58F-E99F-4B6A-BCBD-CBC4F4D72A69}.Release|x64.ActiveCfg = Release|Any CPU
		{4A73B58F-E99F-4B6A-BCBD-CBC4F4D72A69}.Release|x64.Build.0 = Release|Any CPU
		{4A73B58F-E99F-4B6A-BCBD-CBC4F4D72A69}.Release|x86.ActiveCfg = Release|Any CPU
		{4A73B58F-E99F-4B6A-BCBD-CBC4F4D72A69}.Release|x86.Build.0 = Release|Any CPU
		{4A73B58F-E99F-4B6A-BCBD-CBC4F4D72A69}.RelWithDebInfo|Any CPU.ActiveCfg = Debug|Any CPU
		{4A73B58F-E99F-4B6A-BCBD-CBC4F4D72A69}.RelWithDebInfo|Any CPU.Build.0 = Debug|Any CPU
		{4A73B58F-E99F-4B6A-BCBD-CBC4F4D72A69}.RelWithDebInfo|x64.ActiveCfg = Debug|Any CPU
		{4A73B58F-E99F-4B6A-BCBD-CBC4F4D72A69}.RelWithDebInfo|x64.Build.0 = Debug|Any CPU
		{4A73B58F-E99F-4B6A-BCBD-CBC4F4D72A69}.RelWithDebInfo|x86.ActiveCfg = Debug|Any CPU
		{4A73B58F-E99F-4B6A-BCBD-CBC4F4D72A69}.RelWithDebInfo|x86.Build.0 = Debug|Any CPU
		{28BAB659-0F12-45C8-A0F2-A48CC157097D}.Debug|Any CPU.ActiveCfg = Debug|Any CPU
		{28BAB659-0F12-45C8-A0F2-A48CC157097D}.Debug|Any CPU.Build.0 = Debug|Any CPU
		{28BAB659-0F12-45C8-A0F2-A48CC157097D}.Debug|x64.ActiveCfg = Debug|Any CPU
		{28BAB659-0F12-45C8-A0F2-A48CC157097D}.Debug|x64.Build.0 = Debug|Any CPU
		{28BAB659-0F12-45C8-A0F2-A48CC157097D}.Debug|x86.ActiveCfg = Debug|Any CPU
		{28BAB659-0F12-45C8-A0F2-A48CC157097D}.Debug|x86.Build.0 = Debug|Any CPU
		{28BAB659-0F12-45C8-A0F2-A48CC157097D}.MinSizeRel|Any CPU.ActiveCfg = Debug|Any CPU
		{28BAB659-0F12-45C8-A0F2-A48CC157097D}.MinSizeRel|Any CPU.Build.0 = Debug|Any CPU
		{28BAB659-0F12-45C8-A0F2-A48CC157097D}.MinSizeRel|x64.ActiveCfg = Debug|Any CPU
		{28BAB659-0F12-45C8-A0F2-A48CC157097D}.MinSizeRel|x64.Build.0 = Debug|Any CPU
		{28BAB659-0F12-45C8-A0F2-A48CC157097D}.MinSizeRel|x86.ActiveCfg = Debug|Any CPU
		{28BAB659-0F12-45C8-A0F2-A48CC157097D}.MinSizeRel|x86.Build.0 = Debug|Any CPU
		{28BAB659-0F12-45C8-A0F2-A48CC157097D}.Release|Any CPU.ActiveCfg = Release|Any CPU
		{28BAB659-0F12-45C8-A0F2-A48CC157097D}.Release|Any CPU.Build.0 = Release|Any CPU
		{28BAB659-0F12-45C8-A0F2-A48CC157097D}.Release|x64.ActiveCfg = Release|Any CPU
		{28BAB659-0F12-45C8-A0F2-A48CC157097D}.Release|x64.Build.0 = Release|Any CPU
		{28BAB659-0F12-45C8-A0F2-A48CC157097D}.Release|x86.ActiveCfg = Release|Any CPU
		{28BAB659-0F12-45C8-A0F2-A48CC157097D}.Release|x86.Build.0 = Release|Any CPU
		{28BAB659-0F12-45C8-A0F2-A48CC157097D}.RelWithDebInfo|Any CPU.ActiveCfg = Debug|Any CPU
		{28BAB659-0F12-45C8-A0F2-A48CC157097D}.RelWithDebInfo|Any CPU.Build.0 = Debug|Any CPU
		{28BAB659-0F12-45C8-A0F2-A48CC157097D}.RelWithDebInfo|x64.ActiveCfg = Debug|Any CPU
		{28BAB659-0F12-45C8-A0F2-A48CC157097D}.RelWithDebInfo|x64.Build.0 = Debug|Any CPU
		{28BAB659-0F12-45C8-A0F2-A48CC157097D}.RelWithDebInfo|x86.ActiveCfg = Debug|Any CPU
		{28BAB659-0F12-45C8-A0F2-A48CC157097D}.RelWithDebInfo|x86.Build.0 = Debug|Any CPU
		{F1D5B5E7-04DC-4515-A326-F7C30B0AF0B9}.Debug|Any CPU.ActiveCfg = Debug|Any CPU
		{F1D5B5E7-04DC-4515-A326-F7C30B0AF0B9}.Debug|Any CPU.Build.0 = Debug|Any CPU
		{F1D5B5E7-04DC-4515-A326-F7C30B0AF0B9}.Debug|x64.ActiveCfg = Debug|Any CPU
		{F1D5B5E7-04DC-4515-A326-F7C30B0AF0B9}.Debug|x64.Build.0 = Debug|Any CPU
		{F1D5B5E7-04DC-4515-A326-F7C30B0AF0B9}.Debug|x86.ActiveCfg = Debug|Any CPU
		{F1D5B5E7-04DC-4515-A326-F7C30B0AF0B9}.Debug|x86.Build.0 = Debug|Any CPU
		{F1D5B5E7-04DC-4515-A326-F7C30B0AF0B9}.MinSizeRel|Any CPU.ActiveCfg = Debug|Any CPU
		{F1D5B5E7-04DC-4515-A326-F7C30B0AF0B9}.MinSizeRel|Any CPU.Build.0 = Debug|Any CPU
		{F1D5B5E7-04DC-4515-A326-F7C30B0AF0B9}.MinSizeRel|x64.ActiveCfg = Debug|Any CPU
		{F1D5B5E7-04DC-4515-A326-F7C30B0AF0B9}.MinSizeRel|x64.Build.0 = Debug|Any CPU
		{F1D5B5E7-04DC-4515-A326-F7C30B0AF0B9}.MinSizeRel|x86.ActiveCfg = Debug|Any CPU
		{F1D5B5E7-04DC-4515-A326-F7C30B0AF0B9}.MinSizeRel|x86.Build.0 = Debug|Any CPU
		{F1D5B5E7-04DC-4515-A326-F7C30B0AF0B9}.Release|Any CPU.ActiveCfg = Release|Any CPU
		{F1D5B5E7-04DC-4515-A326-F7C30B0AF0B9}.Release|Any CPU.Build.0 = Release|Any CPU
		{F1D5B5E7-04DC-4515-A326-F7C30B0AF0B9}.Release|x64.ActiveCfg = Release|Any CPU
		{F1D5B5E7-04DC-4515-A326-F7C30B0AF0B9}.Release|x64.Build.0 = Release|Any CPU
		{F1D5B5E7-04DC-4515-A326-F7C30B0AF0B9}.Release|x86.ActiveCfg = Release|Any CPU
		{F1D5B5E7-04DC-4515-A326-F7C30B0AF0B9}.Release|x86.Build.0 = Release|Any CPU
		{F1D5B5E7-04DC-4515-A326-F7C30B0AF0B9}.RelWithDebInfo|Any CPU.ActiveCfg = Debug|Any CPU
		{F1D5B5E7-04DC-4515-A326-F7C30B0AF0B9}.RelWithDebInfo|Any CPU.Build.0 = Debug|Any CPU
		{F1D5B5E7-04DC-4515-A326-F7C30B0AF0B9}.RelWithDebInfo|x64.ActiveCfg = Debug|Any CPU
		{F1D5B5E7-04DC-4515-A326-F7C30B0AF0B9}.RelWithDebInfo|x64.Build.0 = Debug|Any CPU
		{F1D5B5E7-04DC-4515-A326-F7C30B0AF0B9}.RelWithDebInfo|x86.ActiveCfg = Debug|Any CPU
		{F1D5B5E7-04DC-4515-A326-F7C30B0AF0B9}.RelWithDebInfo|x86.Build.0 = Debug|Any CPU
		{DD9AAD0C-CD62-475D-8757-E3443F542180}.Debug|Any CPU.ActiveCfg = Debug|Any CPU
		{DD9AAD0C-CD62-475D-8757-E3443F542180}.Debug|Any CPU.Build.0 = Debug|Any CPU
		{DD9AAD0C-CD62-475D-8757-E3443F542180}.Debug|x64.ActiveCfg = Debug|Any CPU
		{DD9AAD0C-CD62-475D-8757-E3443F542180}.Debug|x64.Build.0 = Debug|Any CPU
		{DD9AAD0C-CD62-475D-8757-E3443F542180}.Debug|x86.ActiveCfg = Debug|Any CPU
		{DD9AAD0C-CD62-475D-8757-E3443F542180}.Debug|x86.Build.0 = Debug|Any CPU
		{DD9AAD0C-CD62-475D-8757-E3443F542180}.MinSizeRel|Any CPU.ActiveCfg = Debug|Any CPU
		{DD9AAD0C-CD62-475D-8757-E3443F542180}.MinSizeRel|Any CPU.Build.0 = Debug|Any CPU
		{DD9AAD0C-CD62-475D-8757-E3443F542180}.MinSizeRel|x64.ActiveCfg = Debug|Any CPU
		{DD9AAD0C-CD62-475D-8757-E3443F542180}.MinSizeRel|x64.Build.0 = Debug|Any CPU
		{DD9AAD0C-CD62-475D-8757-E3443F542180}.MinSizeRel|x86.ActiveCfg = Debug|Any CPU
		{DD9AAD0C-CD62-475D-8757-E3443F542180}.MinSizeRel|x86.Build.0 = Debug|Any CPU
		{DD9AAD0C-CD62-475D-8757-E3443F542180}.Release|Any CPU.ActiveCfg = Release|Any CPU
		{DD9AAD0C-CD62-475D-8757-E3443F542180}.Release|Any CPU.Build.0 = Release|Any CPU
		{DD9AAD0C-CD62-475D-8757-E3443F542180}.Release|x64.ActiveCfg = Release|Any CPU
		{DD9AAD0C-CD62-475D-8757-E3443F542180}.Release|x64.Build.0 = Release|Any CPU
		{DD9AAD0C-CD62-475D-8757-E3443F542180}.Release|x86.ActiveCfg = Release|Any CPU
		{DD9AAD0C-CD62-475D-8757-E3443F542180}.Release|x86.Build.0 = Release|Any CPU
		{DD9AAD0C-CD62-475D-8757-E3443F542180}.RelWithDebInfo|Any CPU.ActiveCfg = Debug|Any CPU
		{DD9AAD0C-CD62-475D-8757-E3443F542180}.RelWithDebInfo|Any CPU.Build.0 = Debug|Any CPU
		{DD9AAD0C-CD62-475D-8757-E3443F542180}.RelWithDebInfo|x64.ActiveCfg = Debug|Any CPU
		{DD9AAD0C-CD62-475D-8757-E3443F542180}.RelWithDebInfo|x64.Build.0 = Debug|Any CPU
		{DD9AAD0C-CD62-475D-8757-E3443F542180}.RelWithDebInfo|x86.ActiveCfg = Debug|Any CPU
		{DD9AAD0C-CD62-475D-8757-E3443F542180}.RelWithDebInfo|x86.Build.0 = Debug|Any CPU
		{469E07F2-4BF4-4DD2-A371-DB8E83810888}.Debug|Any CPU.ActiveCfg = Debug|Any CPU
		{469E07F2-4BF4-4DD2-A371-DB8E83810888}.Debug|Any CPU.Build.0 = Debug|Any CPU
		{469E07F2-4BF4-4DD2-A371-DB8E83810888}.Debug|x64.ActiveCfg = Debug|Any CPU
		{469E07F2-4BF4-4DD2-A371-DB8E83810888}.Debug|x64.Build.0 = Debug|Any CPU
		{469E07F2-4BF4-4DD2-A371-DB8E83810888}.Debug|x86.ActiveCfg = Debug|Any CPU
		{469E07F2-4BF4-4DD2-A371-DB8E83810888}.Debug|x86.Build.0 = Debug|Any CPU
		{469E07F2-4BF4-4DD2-A371-DB8E83810888}.MinSizeRel|Any CPU.ActiveCfg = Debug|Any CPU
		{469E07F2-4BF4-4DD2-A371-DB8E83810888}.MinSizeRel|Any CPU.Build.0 = Debug|Any CPU
		{469E07F2-4BF4-4DD2-A371-DB8E83810888}.MinSizeRel|x64.ActiveCfg = Debug|Any CPU
		{469E07F2-4BF4-4DD2-A371-DB8E83810888}.MinSizeRel|x64.Build.0 = Debug|Any CPU
		{469E07F2-4BF4-4DD2-A371-DB8E83810888}.MinSizeRel|x86.ActiveCfg = Debug|Any CPU
		{469E07F2-4BF4-4DD2-A371-DB8E83810888}.MinSizeRel|x86.Build.0 = Debug|Any CPU
		{469E07F2-4BF4-4DD2-A371-DB8E83810888}.Release|Any CPU.ActiveCfg = Release|Any CPU
		{469E07F2-4BF4-4DD2-A371-DB8E83810888}.Release|Any CPU.Build.0 = Release|Any CPU
		{469E07F2-4BF4-4DD2-A371-DB8E83810888}.Release|x64.ActiveCfg = Release|Any CPU
		{469E07F2-4BF4-4DD2-A371-DB8E83810888}.Release|x64.Build.0 = Release|Any CPU
		{469E07F2-4BF4-4DD2-A371-DB8E83810888}.Release|x86.ActiveCfg = Release|Any CPU
		{469E07F2-4BF4-4DD2-A371-DB8E83810888}.Release|x86.Build.0 = Release|Any CPU
		{469E07F2-4BF4-4DD2-A371-DB8E83810888}.RelWithDebInfo|Any CPU.ActiveCfg = Debug|Any CPU
		{469E07F2-4BF4-4DD2-A371-DB8E83810888}.RelWithDebInfo|Any CPU.Build.0 = Debug|Any CPU
		{469E07F2-4BF4-4DD2-A371-DB8E83810888}.RelWithDebInfo|x64.ActiveCfg = Debug|Any CPU
		{469E07F2-4BF4-4DD2-A371-DB8E83810888}.RelWithDebInfo|x64.Build.0 = Debug|Any CPU
		{469E07F2-4BF4-4DD2-A371-DB8E83810888}.RelWithDebInfo|x86.ActiveCfg = Debug|Any CPU
		{469E07F2-4BF4-4DD2-A371-DB8E83810888}.RelWithDebInfo|x86.Build.0 = Debug|Any CPU
		{21790445-577C-4A3B-A11B-FAEAF2DE67D7}.Debug|Any CPU.ActiveCfg = Debug|Any CPU
		{21790445-577C-4A3B-A11B-FAEAF2DE67D7}.Debug|Any CPU.Build.0 = Debug|Any CPU
		{21790445-577C-4A3B-A11B-FAEAF2DE67D7}.Debug|x64.ActiveCfg = Debug|Any CPU
		{21790445-577C-4A3B-A11B-FAEAF2DE67D7}.Debug|x64.Build.0 = Debug|Any CPU
		{21790445-577C-4A3B-A11B-FAEAF2DE67D7}.Debug|x86.ActiveCfg = Debug|Any CPU
		{21790445-577C-4A3B-A11B-FAEAF2DE67D7}.Debug|x86.Build.0 = Debug|Any CPU
		{21790445-577C-4A3B-A11B-FAEAF2DE67D7}.MinSizeRel|Any CPU.ActiveCfg = Debug|Any CPU
		{21790445-577C-4A3B-A11B-FAEAF2DE67D7}.MinSizeRel|Any CPU.Build.0 = Debug|Any CPU
		{21790445-577C-4A3B-A11B-FAEAF2DE67D7}.MinSizeRel|x64.ActiveCfg = Debug|Any CPU
		{21790445-577C-4A3B-A11B-FAEAF2DE67D7}.MinSizeRel|x64.Build.0 = Debug|Any CPU
		{21790445-577C-4A3B-A11B-FAEAF2DE67D7}.MinSizeRel|x86.ActiveCfg = Debug|Any CPU
		{21790445-577C-4A3B-A11B-FAEAF2DE67D7}.MinSizeRel|x86.Build.0 = Debug|Any CPU
		{21790445-577C-4A3B-A11B-FAEAF2DE67D7}.Release|Any CPU.ActiveCfg = Release|Any CPU
		{21790445-577C-4A3B-A11B-FAEAF2DE67D7}.Release|Any CPU.Build.0 = Release|Any CPU
		{21790445-577C-4A3B-A11B-FAEAF2DE67D7}.Release|x64.ActiveCfg = Release|Any CPU
		{21790445-577C-4A3B-A11B-FAEAF2DE67D7}.Release|x64.Build.0 = Release|Any CPU
		{21790445-577C-4A3B-A11B-FAEAF2DE67D7}.Release|x86.ActiveCfg = Release|Any CPU
		{21790445-577C-4A3B-A11B-FAEAF2DE67D7}.Release|x86.Build.0 = Release|Any CPU
		{21790445-577C-4A3B-A11B-FAEAF2DE67D7}.RelWithDebInfo|Any CPU.ActiveCfg = Debug|Any CPU
		{21790445-577C-4A3B-A11B-FAEAF2DE67D7}.RelWithDebInfo|Any CPU.Build.0 = Debug|Any CPU
		{21790445-577C-4A3B-A11B-FAEAF2DE67D7}.RelWithDebInfo|x64.ActiveCfg = Debug|Any CPU
		{21790445-577C-4A3B-A11B-FAEAF2DE67D7}.RelWithDebInfo|x64.Build.0 = Debug|Any CPU
		{21790445-577C-4A3B-A11B-FAEAF2DE67D7}.RelWithDebInfo|x86.ActiveCfg = Debug|Any CPU
		{21790445-577C-4A3B-A11B-FAEAF2DE67D7}.RelWithDebInfo|x86.Build.0 = Debug|Any CPU
		{A2836B60-C1C2-48DD-A6FA-1EEAB171EB66}.Debug|Any CPU.ActiveCfg = Debug|Any CPU
		{A2836B60-C1C2-48DD-A6FA-1EEAB171EB66}.Debug|Any CPU.Build.0 = Debug|Any CPU
		{A2836B60-C1C2-48DD-A6FA-1EEAB171EB66}.Debug|x64.ActiveCfg = Debug|Any CPU
		{A2836B60-C1C2-48DD-A6FA-1EEAB171EB66}.Debug|x64.Build.0 = Debug|Any CPU
		{A2836B60-C1C2-48DD-A6FA-1EEAB171EB66}.Debug|x86.ActiveCfg = Debug|Any CPU
		{A2836B60-C1C2-48DD-A6FA-1EEAB171EB66}.Debug|x86.Build.0 = Debug|Any CPU
		{A2836B60-C1C2-48DD-A6FA-1EEAB171EB66}.MinSizeRel|Any CPU.ActiveCfg = Debug|Any CPU
		{A2836B60-C1C2-48DD-A6FA-1EEAB171EB66}.MinSizeRel|Any CPU.Build.0 = Debug|Any CPU
		{A2836B60-C1C2-48DD-A6FA-1EEAB171EB66}.MinSizeRel|x64.ActiveCfg = Debug|Any CPU
		{A2836B60-C1C2-48DD-A6FA-1EEAB171EB66}.MinSizeRel|x64.Build.0 = Debug|Any CPU
		{A2836B60-C1C2-48DD-A6FA-1EEAB171EB66}.MinSizeRel|x86.ActiveCfg = Debug|Any CPU
		{A2836B60-C1C2-48DD-A6FA-1EEAB171EB66}.MinSizeRel|x86.Build.0 = Debug|Any CPU
		{A2836B60-C1C2-48DD-A6FA-1EEAB171EB66}.Release|Any CPU.ActiveCfg = Release|Any CPU
		{A2836B60-C1C2-48DD-A6FA-1EEAB171EB66}.Release|Any CPU.Build.0 = Release|Any CPU
		{A2836B60-C1C2-48DD-A6FA-1EEAB171EB66}.Release|x64.ActiveCfg = Release|Any CPU
		{A2836B60-C1C2-48DD-A6FA-1EEAB171EB66}.Release|x64.Build.0 = Release|Any CPU
		{A2836B60-C1C2-48DD-A6FA-1EEAB171EB66}.Release|x86.ActiveCfg = Release|Any CPU
		{A2836B60-C1C2-48DD-A6FA-1EEAB171EB66}.Release|x86.Build.0 = Release|Any CPU
		{A2836B60-C1C2-48DD-A6FA-1EEAB171EB66}.RelWithDebInfo|Any CPU.ActiveCfg = Debug|Any CPU
		{A2836B60-C1C2-48DD-A6FA-1EEAB171EB66}.RelWithDebInfo|Any CPU.Build.0 = Debug|Any CPU
		{A2836B60-C1C2-48DD-A6FA-1EEAB171EB66}.RelWithDebInfo|x64.ActiveCfg = Debug|Any CPU
		{A2836B60-C1C2-48DD-A6FA-1EEAB171EB66}.RelWithDebInfo|x64.Build.0 = Debug|Any CPU
		{A2836B60-C1C2-48DD-A6FA-1EEAB171EB66}.RelWithDebInfo|x86.ActiveCfg = Debug|Any CPU
		{A2836B60-C1C2-48DD-A6FA-1EEAB171EB66}.RelWithDebInfo|x86.Build.0 = Debug|Any CPU
		{F1CA161D-81CF-4F38-9FB9-B4984D0DF673}.Debug|Any CPU.ActiveCfg = Debug|Any CPU
		{F1CA161D-81CF-4F38-9FB9-B4984D0DF673}.Debug|Any CPU.Build.0 = Debug|Any CPU
		{F1CA161D-81CF-4F38-9FB9-B4984D0DF673}.Debug|x64.ActiveCfg = Debug|Any CPU
		{F1CA161D-81CF-4F38-9FB9-B4984D0DF673}.Debug|x64.Build.0 = Debug|Any CPU
		{F1CA161D-81CF-4F38-9FB9-B4984D0DF673}.Debug|x86.ActiveCfg = Debug|Any CPU
		{F1CA161D-81CF-4F38-9FB9-B4984D0DF673}.Debug|x86.Build.0 = Debug|Any CPU
		{F1CA161D-81CF-4F38-9FB9-B4984D0DF673}.MinSizeRel|Any CPU.ActiveCfg = Debug|Any CPU
		{F1CA161D-81CF-4F38-9FB9-B4984D0DF673}.MinSizeRel|Any CPU.Build.0 = Debug|Any CPU
		{F1CA161D-81CF-4F38-9FB9-B4984D0DF673}.MinSizeRel|x64.ActiveCfg = Debug|Any CPU
		{F1CA161D-81CF-4F38-9FB9-B4984D0DF673}.MinSizeRel|x64.Build.0 = Debug|Any CPU
		{F1CA161D-81CF-4F38-9FB9-B4984D0DF673}.MinSizeRel|x86.ActiveCfg = Debug|Any CPU
		{F1CA161D-81CF-4F38-9FB9-B4984D0DF673}.MinSizeRel|x86.Build.0 = Debug|Any CPU
		{F1CA161D-81CF-4F38-9FB9-B4984D0DF673}.Release|Any CPU.ActiveCfg = Release|Any CPU
		{F1CA161D-81CF-4F38-9FB9-B4984D0DF673}.Release|Any CPU.Build.0 = Release|Any CPU
		{F1CA161D-81CF-4F38-9FB9-B4984D0DF673}.Release|x64.ActiveCfg = Release|Any CPU
		{F1CA161D-81CF-4F38-9FB9-B4984D0DF673}.Release|x64.Build.0 = Release|Any CPU
		{F1CA161D-81CF-4F38-9FB9-B4984D0DF673}.Release|x86.ActiveCfg = Release|Any CPU
		{F1CA161D-81CF-4F38-9FB9-B4984D0DF673}.Release|x86.Build.0 = Release|Any CPU
		{F1CA161D-81CF-4F38-9FB9-B4984D0DF673}.RelWithDebInfo|Any CPU.ActiveCfg = Debug|Any CPU
		{F1CA161D-81CF-4F38-9FB9-B4984D0DF673}.RelWithDebInfo|Any CPU.Build.0 = Debug|Any CPU
		{F1CA161D-81CF-4F38-9FB9-B4984D0DF673}.RelWithDebInfo|x64.ActiveCfg = Debug|Any CPU
		{F1CA161D-81CF-4F38-9FB9-B4984D0DF673}.RelWithDebInfo|x64.Build.0 = Debug|Any CPU
		{F1CA161D-81CF-4F38-9FB9-B4984D0DF673}.RelWithDebInfo|x86.ActiveCfg = Debug|Any CPU
		{F1CA161D-81CF-4F38-9FB9-B4984D0DF673}.RelWithDebInfo|x86.Build.0 = Debug|Any CPU
		{AF8C5D2E-7A5C-4B82-AAA6-929646BFDC67}.Debug|Any CPU.ActiveCfg = Debug|Any CPU
		{AF8C5D2E-7A5C-4B82-AAA6-929646BFDC67}.Debug|Any CPU.Build.0 = Debug|Any CPU
		{AF8C5D2E-7A5C-4B82-AAA6-929646BFDC67}.Debug|x64.ActiveCfg = Debug|Any CPU
		{AF8C5D2E-7A5C-4B82-AAA6-929646BFDC67}.Debug|x64.Build.0 = Debug|Any CPU
		{AF8C5D2E-7A5C-4B82-AAA6-929646BFDC67}.Debug|x86.ActiveCfg = Debug|Any CPU
		{AF8C5D2E-7A5C-4B82-AAA6-929646BFDC67}.Debug|x86.Build.0 = Debug|Any CPU
		{AF8C5D2E-7A5C-4B82-AAA6-929646BFDC67}.MinSizeRel|Any CPU.ActiveCfg = Debug|Any CPU
		{AF8C5D2E-7A5C-4B82-AAA6-929646BFDC67}.MinSizeRel|Any CPU.Build.0 = Debug|Any CPU
		{AF8C5D2E-7A5C-4B82-AAA6-929646BFDC67}.MinSizeRel|x64.ActiveCfg = Debug|Any CPU
		{AF8C5D2E-7A5C-4B82-AAA6-929646BFDC67}.MinSizeRel|x64.Build.0 = Debug|Any CPU
		{AF8C5D2E-7A5C-4B82-AAA6-929646BFDC67}.MinSizeRel|x86.ActiveCfg = Debug|Any CPU
		{AF8C5D2E-7A5C-4B82-AAA6-929646BFDC67}.MinSizeRel|x86.Build.0 = Debug|Any CPU
		{AF8C5D2E-7A5C-4B82-AAA6-929646BFDC67}.Release|Any CPU.ActiveCfg = Release|Any CPU
		{AF8C5D2E-7A5C-4B82-AAA6-929646BFDC67}.Release|Any CPU.Build.0 = Release|Any CPU
		{AF8C5D2E-7A5C-4B82-AAA6-929646BFDC67}.Release|x64.ActiveCfg = Release|Any CPU
		{AF8C5D2E-7A5C-4B82-AAA6-929646BFDC67}.Release|x64.Build.0 = Release|Any CPU
		{AF8C5D2E-7A5C-4B82-AAA6-929646BFDC67}.Release|x86.ActiveCfg = Release|Any CPU
		{AF8C5D2E-7A5C-4B82-AAA6-929646BFDC67}.Release|x86.Build.0 = Release|Any CPU
		{AF8C5D2E-7A5C-4B82-AAA6-929646BFDC67}.RelWithDebInfo|Any CPU.ActiveCfg = Debug|Any CPU
		{AF8C5D2E-7A5C-4B82-AAA6-929646BFDC67}.RelWithDebInfo|Any CPU.Build.0 = Debug|Any CPU
		{AF8C5D2E-7A5C-4B82-AAA6-929646BFDC67}.RelWithDebInfo|x64.ActiveCfg = Debug|Any CPU
		{AF8C5D2E-7A5C-4B82-AAA6-929646BFDC67}.RelWithDebInfo|x64.Build.0 = Debug|Any CPU
		{AF8C5D2E-7A5C-4B82-AAA6-929646BFDC67}.RelWithDebInfo|x86.ActiveCfg = Debug|Any CPU
		{AF8C5D2E-7A5C-4B82-AAA6-929646BFDC67}.RelWithDebInfo|x86.Build.0 = Debug|Any CPU
		{4F5DB30E-C565-4CEE-A522-7229A9BDBF07}.Debug|Any CPU.ActiveCfg = Debug|Any CPU
		{4F5DB30E-C565-4CEE-A522-7229A9BDBF07}.Debug|Any CPU.Build.0 = Debug|Any CPU
		{4F5DB30E-C565-4CEE-A522-7229A9BDBF07}.Debug|x64.ActiveCfg = Debug|Any CPU
		{4F5DB30E-C565-4CEE-A522-7229A9BDBF07}.Debug|x64.Build.0 = Debug|Any CPU
		{4F5DB30E-C565-4CEE-A522-7229A9BDBF07}.Debug|x86.ActiveCfg = Debug|Any CPU
		{4F5DB30E-C565-4CEE-A522-7229A9BDBF07}.Debug|x86.Build.0 = Debug|Any CPU
		{4F5DB30E-C565-4CEE-A522-7229A9BDBF07}.MinSizeRel|Any CPU.ActiveCfg = Debug|Any CPU
		{4F5DB30E-C565-4CEE-A522-7229A9BDBF07}.MinSizeRel|Any CPU.Build.0 = Debug|Any CPU
		{4F5DB30E-C565-4CEE-A522-7229A9BDBF07}.MinSizeRel|x64.ActiveCfg = Debug|Any CPU
		{4F5DB30E-C565-4CEE-A522-7229A9BDBF07}.MinSizeRel|x64.Build.0 = Debug|Any CPU
		{4F5DB30E-C565-4CEE-A522-7229A9BDBF07}.MinSizeRel|x86.ActiveCfg = Debug|Any CPU
		{4F5DB30E-C565-4CEE-A522-7229A9BDBF07}.MinSizeRel|x86.Build.0 = Debug|Any CPU
		{4F5DB30E-C565-4CEE-A522-7229A9BDBF07}.Release|Any CPU.ActiveCfg = Release|Any CPU
		{4F5DB30E-C565-4CEE-A522-7229A9BDBF07}.Release|Any CPU.Build.0 = Release|Any CPU
		{4F5DB30E-C565-4CEE-A522-7229A9BDBF07}.Release|x64.ActiveCfg = Release|Any CPU
		{4F5DB30E-C565-4CEE-A522-7229A9BDBF07}.Release|x64.Build.0 = Release|Any CPU
		{4F5DB30E-C565-4CEE-A522-7229A9BDBF07}.Release|x86.ActiveCfg = Release|Any CPU
		{4F5DB30E-C565-4CEE-A522-7229A9BDBF07}.Release|x86.Build.0 = Release|Any CPU
		{4F5DB30E-C565-4CEE-A522-7229A9BDBF07}.RelWithDebInfo|Any CPU.ActiveCfg = Debug|Any CPU
		{4F5DB30E-C565-4CEE-A522-7229A9BDBF07}.RelWithDebInfo|Any CPU.Build.0 = Debug|Any CPU
		{4F5DB30E-C565-4CEE-A522-7229A9BDBF07}.RelWithDebInfo|x64.ActiveCfg = Debug|Any CPU
		{4F5DB30E-C565-4CEE-A522-7229A9BDBF07}.RelWithDebInfo|x64.Build.0 = Debug|Any CPU
		{4F5DB30E-C565-4CEE-A522-7229A9BDBF07}.RelWithDebInfo|x86.ActiveCfg = Debug|Any CPU
		{4F5DB30E-C565-4CEE-A522-7229A9BDBF07}.RelWithDebInfo|x86.Build.0 = Debug|Any CPU
		{D70EAD9E-77F6-41B8-9370-59B1EFE1B2DF}.Debug|Any CPU.ActiveCfg = Debug|Any CPU
		{D70EAD9E-77F6-41B8-9370-59B1EFE1B2DF}.Debug|Any CPU.Build.0 = Debug|Any CPU
		{D70EAD9E-77F6-41B8-9370-59B1EFE1B2DF}.Debug|x64.ActiveCfg = Debug|Any CPU
		{D70EAD9E-77F6-41B8-9370-59B1EFE1B2DF}.Debug|x64.Build.0 = Debug|Any CPU
		{D70EAD9E-77F6-41B8-9370-59B1EFE1B2DF}.Debug|x86.ActiveCfg = Debug|Any CPU
		{D70EAD9E-77F6-41B8-9370-59B1EFE1B2DF}.Debug|x86.Build.0 = Debug|Any CPU
		{D70EAD9E-77F6-41B8-9370-59B1EFE1B2DF}.MinSizeRel|Any CPU.ActiveCfg = Debug|Any CPU
		{D70EAD9E-77F6-41B8-9370-59B1EFE1B2DF}.MinSizeRel|Any CPU.Build.0 = Debug|Any CPU
		{D70EAD9E-77F6-41B8-9370-59B1EFE1B2DF}.MinSizeRel|x64.ActiveCfg = Debug|Any CPU
		{D70EAD9E-77F6-41B8-9370-59B1EFE1B2DF}.MinSizeRel|x64.Build.0 = Debug|Any CPU
		{D70EAD9E-77F6-41B8-9370-59B1EFE1B2DF}.MinSizeRel|x86.ActiveCfg = Debug|Any CPU
		{D70EAD9E-77F6-41B8-9370-59B1EFE1B2DF}.MinSizeRel|x86.Build.0 = Debug|Any CPU
		{D70EAD9E-77F6-41B8-9370-59B1EFE1B2DF}.Release|Any CPU.ActiveCfg = Release|Any CPU
		{D70EAD9E-77F6-41B8-9370-59B1EFE1B2DF}.Release|Any CPU.Build.0 = Release|Any CPU
		{D70EAD9E-77F6-41B8-9370-59B1EFE1B2DF}.Release|x64.ActiveCfg = Release|Any CPU
		{D70EAD9E-77F6-41B8-9370-59B1EFE1B2DF}.Release|x64.Build.0 = Release|Any CPU
		{D70EAD9E-77F6-41B8-9370-59B1EFE1B2DF}.Release|x86.ActiveCfg = Release|Any CPU
		{D70EAD9E-77F6-41B8-9370-59B1EFE1B2DF}.Release|x86.Build.0 = Release|Any CPU
		{D70EAD9E-77F6-41B8-9370-59B1EFE1B2DF}.RelWithDebInfo|Any CPU.ActiveCfg = Debug|Any CPU
		{D70EAD9E-77F6-41B8-9370-59B1EFE1B2DF}.RelWithDebInfo|Any CPU.Build.0 = Debug|Any CPU
		{D70EAD9E-77F6-41B8-9370-59B1EFE1B2DF}.RelWithDebInfo|x64.ActiveCfg = Debug|Any CPU
		{D70EAD9E-77F6-41B8-9370-59B1EFE1B2DF}.RelWithDebInfo|x64.Build.0 = Debug|Any CPU
		{D70EAD9E-77F6-41B8-9370-59B1EFE1B2DF}.RelWithDebInfo|x86.ActiveCfg = Debug|Any CPU
		{D70EAD9E-77F6-41B8-9370-59B1EFE1B2DF}.RelWithDebInfo|x86.Build.0 = Debug|Any CPU
		{12FEAEF3-9FD5-4BBB-8870-F405D2110B65}.Debug|Any CPU.ActiveCfg = Debug|Any CPU
		{12FEAEF3-9FD5-4BBB-8870-F405D2110B65}.Debug|Any CPU.Build.0 = Debug|Any CPU
		{12FEAEF3-9FD5-4BBB-8870-F405D2110B65}.Debug|x64.ActiveCfg = Debug|Any CPU
		{12FEAEF3-9FD5-4BBB-8870-F405D2110B65}.Debug|x64.Build.0 = Debug|Any CPU
		{12FEAEF3-9FD5-4BBB-8870-F405D2110B65}.Debug|x86.ActiveCfg = Debug|Any CPU
		{12FEAEF3-9FD5-4BBB-8870-F405D2110B65}.Debug|x86.Build.0 = Debug|Any CPU
		{12FEAEF3-9FD5-4BBB-8870-F405D2110B65}.MinSizeRel|Any CPU.ActiveCfg = Debug|Any CPU
		{12FEAEF3-9FD5-4BBB-8870-F405D2110B65}.MinSizeRel|Any CPU.Build.0 = Debug|Any CPU
		{12FEAEF3-9FD5-4BBB-8870-F405D2110B65}.MinSizeRel|x64.ActiveCfg = Debug|Any CPU
		{12FEAEF3-9FD5-4BBB-8870-F405D2110B65}.MinSizeRel|x64.Build.0 = Debug|Any CPU
		{12FEAEF3-9FD5-4BBB-8870-F405D2110B65}.MinSizeRel|x86.ActiveCfg = Debug|Any CPU
		{12FEAEF3-9FD5-4BBB-8870-F405D2110B65}.MinSizeRel|x86.Build.0 = Debug|Any CPU
		{12FEAEF3-9FD5-4BBB-8870-F405D2110B65}.Release|Any CPU.ActiveCfg = Release|Any CPU
		{12FEAEF3-9FD5-4BBB-8870-F405D2110B65}.Release|Any CPU.Build.0 = Release|Any CPU
		{12FEAEF3-9FD5-4BBB-8870-F405D2110B65}.Release|x64.ActiveCfg = Release|Any CPU
		{12FEAEF3-9FD5-4BBB-8870-F405D2110B65}.Release|x64.Build.0 = Release|Any CPU
		{12FEAEF3-9FD5-4BBB-8870-F405D2110B65}.Release|x86.ActiveCfg = Release|Any CPU
		{12FEAEF3-9FD5-4BBB-8870-F405D2110B65}.Release|x86.Build.0 = Release|Any CPU
		{12FEAEF3-9FD5-4BBB-8870-F405D2110B65}.RelWithDebInfo|Any CPU.ActiveCfg = Debug|Any CPU
		{12FEAEF3-9FD5-4BBB-8870-F405D2110B65}.RelWithDebInfo|Any CPU.Build.0 = Debug|Any CPU
		{12FEAEF3-9FD5-4BBB-8870-F405D2110B65}.RelWithDebInfo|x64.ActiveCfg = Debug|Any CPU
		{12FEAEF3-9FD5-4BBB-8870-F405D2110B65}.RelWithDebInfo|x64.Build.0 = Debug|Any CPU
		{12FEAEF3-9FD5-4BBB-8870-F405D2110B65}.RelWithDebInfo|x86.ActiveCfg = Debug|Any CPU
		{12FEAEF3-9FD5-4BBB-8870-F405D2110B65}.RelWithDebInfo|x86.Build.0 = Debug|Any CPU
		{FE24471C-4CEF-4F60-8926-D12ECADA1169}.Debug|Any CPU.ActiveCfg = Debug|Any CPU
		{FE24471C-4CEF-4F60-8926-D12ECADA1169}.Debug|Any CPU.Build.0 = Debug|Any CPU
		{FE24471C-4CEF-4F60-8926-D12ECADA1169}.Debug|x64.ActiveCfg = Debug|Any CPU
		{FE24471C-4CEF-4F60-8926-D12ECADA1169}.Debug|x64.Build.0 = Debug|Any CPU
		{FE24471C-4CEF-4F60-8926-D12ECADA1169}.Debug|x86.ActiveCfg = Debug|Any CPU
		{FE24471C-4CEF-4F60-8926-D12ECADA1169}.Debug|x86.Build.0 = Debug|Any CPU
		{FE24471C-4CEF-4F60-8926-D12ECADA1169}.MinSizeRel|Any CPU.ActiveCfg = Debug|Any CPU
		{FE24471C-4CEF-4F60-8926-D12ECADA1169}.MinSizeRel|Any CPU.Build.0 = Debug|Any CPU
		{FE24471C-4CEF-4F60-8926-D12ECADA1169}.MinSizeRel|x64.ActiveCfg = Debug|Any CPU
		{FE24471C-4CEF-4F60-8926-D12ECADA1169}.MinSizeRel|x64.Build.0 = Debug|Any CPU
		{FE24471C-4CEF-4F60-8926-D12ECADA1169}.MinSizeRel|x86.ActiveCfg = Debug|Any CPU
		{FE24471C-4CEF-4F60-8926-D12ECADA1169}.MinSizeRel|x86.Build.0 = Debug|Any CPU
		{FE24471C-4CEF-4F60-8926-D12ECADA1169}.Release|Any CPU.ActiveCfg = Release|Any CPU
		{FE24471C-4CEF-4F60-8926-D12ECADA1169}.Release|Any CPU.Build.0 = Release|Any CPU
		{FE24471C-4CEF-4F60-8926-D12ECADA1169}.Release|x64.ActiveCfg = Release|Any CPU
		{FE24471C-4CEF-4F60-8926-D12ECADA1169}.Release|x64.Build.0 = Release|Any CPU
		{FE24471C-4CEF-4F60-8926-D12ECADA1169}.Release|x86.ActiveCfg = Release|Any CPU
		{FE24471C-4CEF-4F60-8926-D12ECADA1169}.Release|x86.Build.0 = Release|Any CPU
		{FE24471C-4CEF-4F60-8926-D12ECADA1169}.RelWithDebInfo|Any CPU.ActiveCfg = Debug|Any CPU
		{FE24471C-4CEF-4F60-8926-D12ECADA1169}.RelWithDebInfo|Any CPU.Build.0 = Debug|Any CPU
		{FE24471C-4CEF-4F60-8926-D12ECADA1169}.RelWithDebInfo|x64.ActiveCfg = Debug|Any CPU
		{FE24471C-4CEF-4F60-8926-D12ECADA1169}.RelWithDebInfo|x64.Build.0 = Debug|Any CPU
		{FE24471C-4CEF-4F60-8926-D12ECADA1169}.RelWithDebInfo|x86.ActiveCfg = Debug|Any CPU
		{FE24471C-4CEF-4F60-8926-D12ECADA1169}.RelWithDebInfo|x86.Build.0 = Debug|Any CPU
		{85A32CE5-DDEB-4821-B550-61816D43FF63}.Debug|Any CPU.ActiveCfg = Debug|Any CPU
		{85A32CE5-DDEB-4821-B550-61816D43FF63}.Debug|Any CPU.Build.0 = Debug|Any CPU
		{85A32CE5-DDEB-4821-B550-61816D43FF63}.Debug|x64.ActiveCfg = Debug|Any CPU
		{85A32CE5-DDEB-4821-B550-61816D43FF63}.Debug|x64.Build.0 = Debug|Any CPU
		{85A32CE5-DDEB-4821-B550-61816D43FF63}.Debug|x86.ActiveCfg = Debug|Any CPU
		{85A32CE5-DDEB-4821-B550-61816D43FF63}.Debug|x86.Build.0 = Debug|Any CPU
		{85A32CE5-DDEB-4821-B550-61816D43FF63}.MinSizeRel|Any CPU.ActiveCfg = Debug|Any CPU
		{85A32CE5-DDEB-4821-B550-61816D43FF63}.MinSizeRel|Any CPU.Build.0 = Debug|Any CPU
		{85A32CE5-DDEB-4821-B550-61816D43FF63}.MinSizeRel|x64.ActiveCfg = Debug|Any CPU
		{85A32CE5-DDEB-4821-B550-61816D43FF63}.MinSizeRel|x64.Build.0 = Debug|Any CPU
		{85A32CE5-DDEB-4821-B550-61816D43FF63}.MinSizeRel|x86.ActiveCfg = Debug|Any CPU
		{85A32CE5-DDEB-4821-B550-61816D43FF63}.MinSizeRel|x86.Build.0 = Debug|Any CPU
		{85A32CE5-DDEB-4821-B550-61816D43FF63}.Release|Any CPU.ActiveCfg = Release|Any CPU
		{85A32CE5-DDEB-4821-B550-61816D43FF63}.Release|Any CPU.Build.0 = Release|Any CPU
		{85A32CE5-DDEB-4821-B550-61816D43FF63}.Release|x64.ActiveCfg = Release|Any CPU
		{85A32CE5-DDEB-4821-B550-61816D43FF63}.Release|x64.Build.0 = Release|Any CPU
		{85A32CE5-DDEB-4821-B550-61816D43FF63}.Release|x86.ActiveCfg = Release|Any CPU
		{85A32CE5-DDEB-4821-B550-61816D43FF63}.Release|x86.Build.0 = Release|Any CPU
		{85A32CE5-DDEB-4821-B550-61816D43FF63}.RelWithDebInfo|Any CPU.ActiveCfg = Debug|Any CPU
		{85A32CE5-DDEB-4821-B550-61816D43FF63}.RelWithDebInfo|Any CPU.Build.0 = Debug|Any CPU
		{85A32CE5-DDEB-4821-B550-61816D43FF63}.RelWithDebInfo|x64.ActiveCfg = Debug|Any CPU
		{85A32CE5-DDEB-4821-B550-61816D43FF63}.RelWithDebInfo|x64.Build.0 = Debug|Any CPU
		{85A32CE5-DDEB-4821-B550-61816D43FF63}.RelWithDebInfo|x86.ActiveCfg = Debug|Any CPU
		{85A32CE5-DDEB-4821-B550-61816D43FF63}.RelWithDebInfo|x86.Build.0 = Debug|Any CPU
	EndGlobalSection
	GlobalSection(SolutionProperties) = preSolution
		HideSolutionNode = FALSE
	EndGlobalSection
	GlobalSection(NestedProjects) = preSolution
		{4A5AE689-B314-4EEC-8931-8B98F154DB13} = {5A6560FF-794C-4369-AC8A-2019C0797869}
		{1046DFEB-2394-4477-B3E1-436B2EF8E295} = {6FCB5095-2292-4869-86EB-E1437153B375}
		{E2BA6CBD-B975-479D-815D-D87B38C9E9C1} = {1205A9F0-96F5-47D0-A46E-03EB98619B31}
		{2805EC1C-C7F7-429B-8CC0-D9ED1F0D954C} = {AA3F7F2B-778E-4B57-A8AB-E1BCA44E2211}
		{EFC000CC-4122-464A-B800-921F86A77A25} = {AA3F7F2B-778E-4B57-A8AB-E1BCA44E2211}
		{D5D60B98-8610-4EAA-ACD6-4D91CCB33141} = {609B9E8D-4DB9-429C-B4C4-A75202A3CF4F}
		{15936ED3-078E-4E06-A517-65434CC28E90} = {609B9E8D-4DB9-429C-B4C4-A75202A3CF4F}
		{0BA62FDF-71AD-4B8A-A6B0-35EFF3C300C4} = {1205A9F0-96F5-47D0-A46E-03EB98619B31}
		{9BD1EE7F-6D1A-481F-8D13-F3205EEBD454} = {1205A9F0-96F5-47D0-A46E-03EB98619B31}
		{9119490C-E582-4E55-AFA5-6A51680711BA} = {1205A9F0-96F5-47D0-A46E-03EB98619B31}
		{41BDFD3A-8C3B-402D-BED6-5FC81EE1A22A} = {CBBF747E-EAFE-4679-A1DB-933615B0B58F}
		{609B9E8D-4DB9-429C-B4C4-A75202A3CF4F} = {CBBF747E-EAFE-4679-A1DB-933615B0B58F}
		{78B62374-2A96-45FC-936D-33872D472684} = {5A6560FF-794C-4369-AC8A-2019C0797869}
		{8C8AE123-3D76-47C9-80AE-FFE8F366265D} = {5A6560FF-794C-4369-AC8A-2019C0797869}
		{888146C7-CD16-4EFB-A203-798BAAA11540} = {5CAC228E-35B7-4BD9-8DDD-FCA8EF4073D2}
		{CAF39B4C-FE21-4D08-98C2-954A5675A705} = {5CAC228E-35B7-4BD9-8DDD-FCA8EF4073D2}
		{D66BAE42-2334-481E-A60C-2B6210BB1F61} = {52DA5E43-4AC5-4554-A2D4-D009F3F22B93}
		{6364D1FB-C274-4A0E-A4FB-1C6704B71B5E} = {52DA5E43-4AC5-4554-A2D4-D009F3F22B93}
		{1E2B2411-25F0-476D-A8F1-0730C7746DC7} = {5CAC228E-35B7-4BD9-8DDD-FCA8EF4073D2}
		{A8A8BC52-6EE2-4F44-945F-1E22321C9480} = {5CAC228E-35B7-4BD9-8DDD-FCA8EF4073D2}
		{94A5EDB5-1435-4809-8349-EE4CFAFB97BC} = {5CAC228E-35B7-4BD9-8DDD-FCA8EF4073D2}
		{FAF96F9F-D4CB-4FFC-AB9D-8C838E33A546} = {6FCB5095-2292-4869-86EB-E1437153B375}
		{692EBEB7-1D19-480A-B2A3-EAE9A5EAB62E} = {6FCB5095-2292-4869-86EB-E1437153B375}
		{4A73B58F-E99F-4B6A-BCBD-CBC4F4D72A69} = {5A6560FF-794C-4369-AC8A-2019C0797869}
		{DD9AAD0C-CD62-475D-8757-E3443F542180} = {EF6251D0-9FDB-4010-811E-7070F5190972}
		{469E07F2-4BF4-4DD2-A371-DB8E83810888} = {EF6251D0-9FDB-4010-811E-7070F5190972}
		{21790445-577C-4A3B-A11B-FAEAF2DE67D7} = {EF6251D0-9FDB-4010-811E-7070F5190972}
		{A2836B60-C1C2-48DD-A6FA-1EEAB171EB66} = {EF6251D0-9FDB-4010-811E-7070F5190972}
		{F1CA161D-81CF-4F38-9FB9-B4984D0DF673} = {EF6251D0-9FDB-4010-811E-7070F5190972}
		{AF8C5D2E-7A5C-4B82-AAA6-929646BFDC67} = {EF6251D0-9FDB-4010-811E-7070F5190972}
		{4F5DB30E-C565-4CEE-A522-7229A9BDBF07} = {29AECE30-D51E-4E2A-9D17-5848F81CFF53}
		{D70EAD9E-77F6-41B8-9370-59B1EFE1B2DF} = {29AECE30-D51E-4E2A-9D17-5848F81CFF53}
		{F1D5B5E7-04DC-4515-A326-F7C30B0AF0B9} = {29AECE30-D51E-4E2A-9D17-5848F81CFF53}
		{28BAB659-0F12-45C8-A0F2-A48CC157097D} = {29AECE30-D51E-4E2A-9D17-5848F81CFF53}
		{12FEAEF3-9FD5-4BBB-8870-F405D2110B65} = {5A6560FF-794C-4369-AC8A-2019C0797869}
		{FE24471C-4CEF-4F60-8926-D12ECADA1169} = {29AECE30-D51E-4E2A-9D17-5848F81CFF53}
		{85A32CE5-DDEB-4821-B550-61816D43FF63} = {29AECE30-D51E-4E2A-9D17-5848F81CFF53}
	EndGlobalSection
	GlobalSection(ExtensibilityGlobals) = postSolution
		SolutionGuid = {EAFD093A-9390-4097-8A8D-6E80416BBEE3}
	EndGlobalSection
EndGlobal
